// !$*UTF8*$!
{
	archiveVersion = 1;
	classes = {
	};
	objectVersion = 46;
	objects = {

/* Begin PBXBuildFile section */
		7BDABEA71B47693D0032E0A7 /* main.m in Sources */ = {isa = PBXBuildFile; fileRef = 7BDABEA61B47693D0032E0A7 /* main.m */; };
		7BDABEB01B47693E0032E0A7 /* Main.storyboard in Resources */ = {isa = PBXBuildFile; fileRef = 7BDABEAE1B47693E0032E0A7 /* Main.storyboard */; };
		7BDABEB21B47693E0032E0A7 /* Images.xcassets in Resources */ = {isa = PBXBuildFile; fileRef = 7BDABEB11B47693E0032E0A7 /* Images.xcassets */; };
		7BDABEB51B47693E0032E0A7 /* LaunchScreen.xib in Resources */ = {isa = PBXBuildFile; fileRef = 7BDABEB31B47693E0032E0A7 /* LaunchScreen.xib */; };
		7BDABEC11B47693E0032E0A7 /* ReaderTests.m in Sources */ = {isa = PBXBuildFile; fileRef = 7BDABEC01B47693E0032E0A7 /* ReaderTests.m */; };
		7BDABECC1B4769A80032E0A7 /* AppDelegate.m in Sources */ = {isa = PBXBuildFile; fileRef = 7BDABECB1B4769A80032E0A7 /* AppDelegate.m */; };
		7BDABEE01B4769D50032E0A7 /* ArticleCell.m in Sources */ = {isa = PBXBuildFile; fileRef = 7BDABED01B4769D50032E0A7 /* ArticleCell.m */; };
		7BDABEE11B4769D50032E0A7 /* ArticleCell.xib in Resources */ = {isa = PBXBuildFile; fileRef = 7BDABED11B4769D50032E0A7 /* ArticleCell.xib */; };
		7BDABEE21B4769D50032E0A7 /* ContentCell.m in Sources */ = {isa = PBXBuildFile; fileRef = 7BDABED31B4769D50032E0A7 /* ContentCell.m */; };
		7BDABEE31B4769D50032E0A7 /* ContentCell.xib in Resources */ = {isa = PBXBuildFile; fileRef = 7BDABED41B4769D50032E0A7 /* ContentCell.xib */; };
		7BDABEE41B4769D50032E0A7 /* FooterCell.m in Sources */ = {isa = PBXBuildFile; fileRef = 7BDABED61B4769D50032E0A7 /* FooterCell.m */; };
		7BDABEE51B4769D50032E0A7 /* FooterCell.xib in Resources */ = {isa = PBXBuildFile; fileRef = 7BDABED71B4769D50032E0A7 /* FooterCell.xib */; };
		7BDABEE61B4769D50032E0A7 /* GenericCell.m in Sources */ = {isa = PBXBuildFile; fileRef = 7BDABED91B4769D50032E0A7 /* GenericCell.m */; };
		7BDABEE71B4769D50032E0A7 /* ImageCell.m in Sources */ = {isa = PBXBuildFile; fileRef = 7BDABEDB1B4769D50032E0A7 /* ImageCell.m */; };
		7BDABEE81B4769D50032E0A7 /* ImageCell.xib in Resources */ = {isa = PBXBuildFile; fileRef = 7BDABEDC1B4769D50032E0A7 /* ImageCell.xib */; };
		7BDABEE91B4769D50032E0A7 /* TitleCell.m in Sources */ = {isa = PBXBuildFile; fileRef = 7BDABEDE1B4769D50032E0A7 /* TitleCell.m */; };
		7BDABEEA1B4769D50032E0A7 /* TitleCell.xib in Resources */ = {isa = PBXBuildFile; fileRef = 7BDABEDF1B4769D50032E0A7 /* TitleCell.xib */; };
		7BDABEF91B476A8A0032E0A7 /* ArticleDAO.m in Sources */ = {isa = PBXBuildFile; fileRef = 7BDABEF41B476A8A0032E0A7 /* ArticleDAO.m */; };
		7BDABEFA1B476A8A0032E0A7 /* GenericDAO.m in Sources */ = {isa = PBXBuildFile; fileRef = 7BDABEF61B476A8A0032E0A7 /* GenericDAO.m */; };
		7BDABEFB1B476A8A0032E0A7 /* ImageDAO.m in Sources */ = {isa = PBXBuildFile; fileRef = 7BDABEF81B476A8A0032E0A7 /* ImageDAO.m */; };
		7BDABF031B476AC70032E0A7 /* ArticleModel.m in Sources */ = {isa = PBXBuildFile; fileRef = 7BDABF001B476AC70032E0A7 /* ArticleModel.m */; };
		7BDABF041B476AC70032E0A7 /* GenericModel.m in Sources */ = {isa = PBXBuildFile; fileRef = 7BDABF021B476AC70032E0A7 /* GenericModel.m */; };
		7BDABF1E1B476AF00032E0A7 /* CellHelper.m in Sources */ = {isa = PBXBuildFile; fileRef = 7BDABF071B476AF00032E0A7 /* CellHelper.m */; };
		7BDABF1F1B476AF00032E0A7 /* Connection.m in Sources */ = {isa = PBXBuildFile; fileRef = 7BDABF091B476AF00032E0A7 /* Connection.m */; };
		7BDABF201B476AF00032E0A7 /* Constants.m in Sources */ = {isa = PBXBuildFile; fileRef = 7BDABF0B1B476AF00032E0A7 /* Constants.m */; };
		7BDABF211B476AF00032E0A7 /* DateHelper.m in Sources */ = {isa = PBXBuildFile; fileRef = 7BDABF0D1B476AF00032E0A7 /* DateHelper.m */; };
		7BDABF221B476AF00032E0A7 /* DeviceInfo.m in Sources */ = {isa = PBXBuildFile; fileRef = 7BDABF0F1B476AF00032E0A7 /* DeviceInfo.m */; };
		7BDABF231B476AF00032E0A7 /* JWLabel.m in Sources */ = {isa = PBXBuildFile; fileRef = 7BDABF111B476AF00032E0A7 /* JWLabel.m */; };
		7BDABF241B476AF00032E0A7 /* JWMacros.m in Sources */ = {isa = PBXBuildFile; fileRef = 7BDABF131B476AF00032E0A7 /* JWMacros.m */; };
		7BDABF251B476AF00032E0A7 /* NetAPIClient.m in Sources */ = {isa = PBXBuildFile; fileRef = 7BDABF151B476AF00032E0A7 /* NetAPIClient.m */; };
		7BDABF261B476AF00032E0A7 /* Reachability.m in Sources */ = {isa = PBXBuildFile; fileRef = 7BDABF171B476AF00032E0A7 /* Reachability.m */; };
		7BDABF271B476AF00032E0A7 /* Routes.m in Sources */ = {isa = PBXBuildFile; fileRef = 7BDABF191B476AF00032E0A7 /* Routes.m */; };
		7BDABF281B476AF00032E0A7 /* UITableView+Helper.m in Sources */ = {isa = PBXBuildFile; fileRef = 7BDABF1B1B476AF00032E0A7 /* UITableView+Helper.m */; };
		7BDABF291B476AF00032E0A7 /* Validator.m in Sources */ = {isa = PBXBuildFile; fileRef = 7BDABF1D1B476AF00032E0A7 /* Validator.m */; };
		7BDABF2F1B476B0E0032E0A7 /* ArticleDetailViewController.m in Sources */ = {isa = PBXBuildFile; fileRef = 7BDABF2C1B476B0E0032E0A7 /* ArticleDetailViewController.m */; };
		7BDABF301B476B0E0032E0A7 /* ArticlesListViewController.m in Sources */ = {isa = PBXBuildFile; fileRef = 7BDABF2E1B476B0E0032E0A7 /* ArticlesListViewController.m */; };
		7BFE21A41B840E9B00220063 /* ArticleModelTests.m in Sources */ = {isa = PBXBuildFile; fileRef = 7BFE21A31B840E9B00220063 /* ArticleModelTests.m */; };
		7BFE6DDF1B49836900158389 /* Database.m in Sources */ = {isa = PBXBuildFile; fileRef = 7BFE6DDE1B49836900158389 /* Database.m */; };
		7BFE6DE21B49884400158389 /* Model.xcdatamodeld in Sources */ = {isa = PBXBuildFile; fileRef = 7BFE6DE01B49884400158389 /* Model.xcdatamodeld */; };
		7BFE6DE51B4989B400158389 /* Article.m in Sources */ = {isa = PBXBuildFile; fileRef = 7BFE6DE41B4989B400158389 /* Article.m */; };
		B687C08E69FF96D0191BDBF7 /* libPods.a in Frameworks */ = {isa = PBXBuildFile; fileRef = 0934855A2ABDAFB1ADBC38AD /* libPods.a */; };
/* End PBXBuildFile section */

/* Begin PBXContainerItemProxy section */
		7BDABEBB1B47693E0032E0A7 /* PBXContainerItemProxy */ = {
			isa = PBXContainerItemProxy;
			containerPortal = 7BDABE991B47693D0032E0A7 /* Project object */;
			proxyType = 1;
			remoteGlobalIDString = 7BDABEA01B47693D0032E0A7;
			remoteInfo = Reader;
		};
/* End PBXContainerItemProxy section */

/* Begin PBXFileReference section */
		0934855A2ABDAFB1ADBC38AD /* libPods.a */ = {isa = PBXFileReference; explicitFileType = archive.ar; includeInIndex = 0; path = libPods.a; sourceTree = BUILT_PRODUCTS_DIR; };
		5588F878A9628F1DD7669EDE /* Pods.release.xcconfig */ = {isa = PBXFileReference; includeInIndex = 1; lastKnownFileType = text.xcconfig; name = Pods.release.xcconfig; path = "Pods/Target Support Files/Pods/Pods.release.xcconfig"; sourceTree = "<group>"; };
		76A79A2963B3926AEC65BE4B /* Pods.debug.xcconfig */ = {isa = PBXFileReference; includeInIndex = 1; lastKnownFileType = text.xcconfig; name = Pods.debug.xcconfig; path = "Pods/Target Support Files/Pods/Pods.debug.xcconfig"; sourceTree = "<group>"; };
		7BDABEA11B47693D0032E0A7 /* Reader.app */ = {isa = PBXFileReference; explicitFileType = wrapper.application; includeInIndex = 0; path = Reader.app; sourceTree = BUILT_PRODUCTS_DIR; };
		7BDABEA51B47693D0032E0A7 /* Info.plist */ = {isa = PBXFileReference; lastKnownFileType = text.plist.xml; path = Info.plist; sourceTree = "<group>"; };
		7BDABEA61B47693D0032E0A7 /* main.m */ = {isa = PBXFileReference; lastKnownFileType = sourcecode.c.objc; path = main.m; sourceTree = "<group>"; };
		7BDABEAF1B47693E0032E0A7 /* Base */ = {isa = PBXFileReference; lastKnownFileType = file.storyboard; name = Base; path = Base.lproj/Main.storyboard; sourceTree = "<group>"; };
		7BDABEB11B47693E0032E0A7 /* Images.xcassets */ = {isa = PBXFileReference; lastKnownFileType = folder.assetcatalog; path = Images.xcassets; sourceTree = "<group>"; };
		7BDABEB41B47693E0032E0A7 /* Base */ = {isa = PBXFileReference; lastKnownFileType = file.xib; name = Base; path = Base.lproj/LaunchScreen.xib; sourceTree = "<group>"; };
		7BDABEBA1B47693E0032E0A7 /* ReaderTests.xctest */ = {isa = PBXFileReference; explicitFileType = wrapper.cfbundle; includeInIndex = 0; path = ReaderTests.xctest; sourceTree = BUILT_PRODUCTS_DIR; };
		7BDABEBF1B47693E0032E0A7 /* Info.plist */ = {isa = PBXFileReference; lastKnownFileType = text.plist.xml; path = Info.plist; sourceTree = "<group>"; };
		7BDABEC01B47693E0032E0A7 /* ReaderTests.m */ = {isa = PBXFileReference; lastKnownFileType = sourcecode.c.objc; path = ReaderTests.m; sourceTree = "<group>"; };
		7BDABECA1B4769A80032E0A7 /* AppDelegate.h */ = {isa = PBXFileReference; fileEncoding = 4; lastKnownFileType = sourcecode.c.h; name = AppDelegate.h; path = AppDelegate/AppDelegate.h; sourceTree = "<group>"; };
		7BDABECB1B4769A80032E0A7 /* AppDelegate.m */ = {isa = PBXFileReference; fileEncoding = 4; lastKnownFileType = sourcecode.c.objc; name = AppDelegate.m; path = AppDelegate/AppDelegate.m; sourceTree = "<group>"; };
		7BDABECF1B4769D50032E0A7 /* ArticleCell.h */ = {isa = PBXFileReference; fileEncoding = 4; lastKnownFileType = sourcecode.c.h; name = ArticleCell.h; path = Cell/ArticleCell.h; sourceTree = "<group>"; };
		7BDABED01B4769D50032E0A7 /* ArticleCell.m */ = {isa = PBXFileReference; fileEncoding = 4; lastKnownFileType = sourcecode.c.objc; name = ArticleCell.m; path = Cell/ArticleCell.m; sourceTree = "<group>"; };
		7BDABED11B4769D50032E0A7 /* ArticleCell.xib */ = {isa = PBXFileReference; fileEncoding = 4; lastKnownFileType = file.xib; name = ArticleCell.xib; path = Cell/ArticleCell.xib; sourceTree = "<group>"; };
		7BDABED21B4769D50032E0A7 /* ContentCell.h */ = {isa = PBXFileReference; fileEncoding = 4; lastKnownFileType = sourcecode.c.h; name = ContentCell.h; path = Cell/ContentCell.h; sourceTree = "<group>"; };
		7BDABED31B4769D50032E0A7 /* ContentCell.m */ = {isa = PBXFileReference; fileEncoding = 4; lastKnownFileType = sourcecode.c.objc; name = ContentCell.m; path = Cell/ContentCell.m; sourceTree = "<group>"; };
		7BDABED41B4769D50032E0A7 /* ContentCell.xib */ = {isa = PBXFileReference; fileEncoding = 4; lastKnownFileType = file.xib; name = ContentCell.xib; path = Cell/ContentCell.xib; sourceTree = "<group>"; };
		7BDABED51B4769D50032E0A7 /* FooterCell.h */ = {isa = PBXFileReference; fileEncoding = 4; lastKnownFileType = sourcecode.c.h; name = FooterCell.h; path = Cell/FooterCell.h; sourceTree = "<group>"; };
		7BDABED61B4769D50032E0A7 /* FooterCell.m */ = {isa = PBXFileReference; fileEncoding = 4; lastKnownFileType = sourcecode.c.objc; name = FooterCell.m; path = Cell/FooterCell.m; sourceTree = "<group>"; };
		7BDABED71B4769D50032E0A7 /* FooterCell.xib */ = {isa = PBXFileReference; fileEncoding = 4; lastKnownFileType = file.xib; name = FooterCell.xib; path = Cell/FooterCell.xib; sourceTree = "<group>"; };
		7BDABED81B4769D50032E0A7 /* GenericCell.h */ = {isa = PBXFileReference; fileEncoding = 4; lastKnownFileType = sourcecode.c.h; name = GenericCell.h; path = Cell/GenericCell.h; sourceTree = "<group>"; };
		7BDABED91B4769D50032E0A7 /* GenericCell.m */ = {isa = PBXFileReference; fileEncoding = 4; lastKnownFileType = sourcecode.c.objc; name = GenericCell.m; path = Cell/GenericCell.m; sourceTree = "<group>"; };
		7BDABEDA1B4769D50032E0A7 /* ImageCell.h */ = {isa = PBXFileReference; fileEncoding = 4; lastKnownFileType = sourcecode.c.h; name = ImageCell.h; path = Cell/ImageCell.h; sourceTree = "<group>"; };
		7BDABEDB1B4769D50032E0A7 /* ImageCell.m */ = {isa = PBXFileReference; fileEncoding = 4; lastKnownFileType = sourcecode.c.objc; name = ImageCell.m; path = Cell/ImageCell.m; sourceTree = "<group>"; };
		7BDABEDC1B4769D50032E0A7 /* ImageCell.xib */ = {isa = PBXFileReference; fileEncoding = 4; lastKnownFileType = file.xib; name = ImageCell.xib; path = Cell/ImageCell.xib; sourceTree = "<group>"; };
		7BDABEDD1B4769D50032E0A7 /* TitleCell.h */ = {isa = PBXFileReference; fileEncoding = 4; lastKnownFileType = sourcecode.c.h; name = TitleCell.h; path = Cell/TitleCell.h; sourceTree = "<group>"; };
		7BDABEDE1B4769D50032E0A7 /* TitleCell.m */ = {isa = PBXFileReference; fileEncoding = 4; lastKnownFileType = sourcecode.c.objc; name = TitleCell.m; path = Cell/TitleCell.m; sourceTree = "<group>"; };
		7BDABEDF1B4769D50032E0A7 /* TitleCell.xib */ = {isa = PBXFileReference; fileEncoding = 4; lastKnownFileType = file.xib; name = TitleCell.xib; path = Cell/TitleCell.xib; sourceTree = "<group>"; };
		7BDABEF31B476A8A0032E0A7 /* ArticleDAO.h */ = {isa = PBXFileReference; fileEncoding = 4; lastKnownFileType = sourcecode.c.h; name = ArticleDAO.h; path = DAO/ArticleDAO.h; sourceTree = "<group>"; };
		7BDABEF41B476A8A0032E0A7 /* ArticleDAO.m */ = {isa = PBXFileReference; fileEncoding = 4; lastKnownFileType = sourcecode.c.objc; name = ArticleDAO.m; path = DAO/ArticleDAO.m; sourceTree = "<group>"; };
		7BDABEF51B476A8A0032E0A7 /* GenericDAO.h */ = {isa = PBXFileReference; fileEncoding = 4; lastKnownFileType = sourcecode.c.h; name = GenericDAO.h; path = DAO/GenericDAO.h; sourceTree = "<group>"; };
		7BDABEF61B476A8A0032E0A7 /* GenericDAO.m */ = {isa = PBXFileReference; fileEncoding = 4; lastKnownFileType = sourcecode.c.objc; name = GenericDAO.m; path = DAO/GenericDAO.m; sourceTree = "<group>"; };
		7BDABEF71B476A8A0032E0A7 /* ImageDAO.h */ = {isa = PBXFileReference; fileEncoding = 4; lastKnownFileType = sourcecode.c.h; name = ImageDAO.h; path = DAO/ImageDAO.h; sourceTree = "<group>"; };
		7BDABEF81B476A8A0032E0A7 /* ImageDAO.m */ = {isa = PBXFileReference; fileEncoding = 4; lastKnownFileType = sourcecode.c.objc; name = ImageDAO.m; path = DAO/ImageDAO.m; sourceTree = "<group>"; };
		7BDABEFF1B476AC70032E0A7 /* ArticleModel.h */ = {isa = PBXFileReference; fileEncoding = 4; lastKnownFileType = sourcecode.c.h; name = ArticleModel.h; path = "Model/Model Subclasses/ArticleModel.h"; sourceTree = "<group>"; };
		7BDABF001B476AC70032E0A7 /* ArticleModel.m */ = {isa = PBXFileReference; fileEncoding = 4; lastKnownFileType = sourcecode.c.objc; name = ArticleModel.m; path = "Model/Model Subclasses/ArticleModel.m"; sourceTree = "<group>"; };
		7BDABF011B476AC70032E0A7 /* GenericModel.h */ = {isa = PBXFileReference; fileEncoding = 4; lastKnownFileType = sourcecode.c.h; name = GenericModel.h; path = "Model/Model Subclasses/GenericModel.h"; sourceTree = "<group>"; };
		7BDABF021B476AC70032E0A7 /* GenericModel.m */ = {isa = PBXFileReference; fileEncoding = 4; lastKnownFileType = sourcecode.c.objc; name = GenericModel.m; path = "Model/Model Subclasses/GenericModel.m"; sourceTree = "<group>"; };
		7BDABF061B476AF00032E0A7 /* CellHelper.h */ = {isa = PBXFileReference; fileEncoding = 4; lastKnownFileType = sourcecode.c.h; name = CellHelper.h; path = "Service Layer/CellHelper.h"; sourceTree = "<group>"; };
		7BDABF071B476AF00032E0A7 /* CellHelper.m */ = {isa = PBXFileReference; fileEncoding = 4; lastKnownFileType = sourcecode.c.objc; name = CellHelper.m; path = "Service Layer/CellHelper.m"; sourceTree = "<group>"; };
		7BDABF081B476AF00032E0A7 /* Connection.h */ = {isa = PBXFileReference; fileEncoding = 4; lastKnownFileType = sourcecode.c.h; name = Connection.h; path = "Service Layer/Connection.h"; sourceTree = "<group>"; };
		7BDABF091B476AF00032E0A7 /* Connection.m */ = {isa = PBXFileReference; fileEncoding = 4; lastKnownFileType = sourcecode.c.objc; name = Connection.m; path = "Service Layer/Connection.m"; sourceTree = "<group>"; };
		7BDABF0A1B476AF00032E0A7 /* Constants.h */ = {isa = PBXFileReference; fileEncoding = 4; lastKnownFileType = sourcecode.c.h; name = Constants.h; path = "Service Layer/Constants.h"; sourceTree = "<group>"; };
		7BDABF0B1B476AF00032E0A7 /* Constants.m */ = {isa = PBXFileReference; fileEncoding = 4; lastKnownFileType = sourcecode.c.objc; name = Constants.m; path = "Service Layer/Constants.m"; sourceTree = "<group>"; };
		7BDABF0C1B476AF00032E0A7 /* DateHelper.h */ = {isa = PBXFileReference; fileEncoding = 4; lastKnownFileType = sourcecode.c.h; name = DateHelper.h; path = "Service Layer/DateHelper.h"; sourceTree = "<group>"; };
		7BDABF0D1B476AF00032E0A7 /* DateHelper.m */ = {isa = PBXFileReference; fileEncoding = 4; lastKnownFileType = sourcecode.c.objc; name = DateHelper.m; path = "Service Layer/DateHelper.m"; sourceTree = "<group>"; };
		7BDABF0E1B476AF00032E0A7 /* DeviceInfo.h */ = {isa = PBXFileReference; fileEncoding = 4; lastKnownFileType = sourcecode.c.h; name = DeviceInfo.h; path = "Service Layer/DeviceInfo.h"; sourceTree = "<group>"; };
		7BDABF0F1B476AF00032E0A7 /* DeviceInfo.m */ = {isa = PBXFileReference; fileEncoding = 4; lastKnownFileType = sourcecode.c.objc; name = DeviceInfo.m; path = "Service Layer/DeviceInfo.m"; sourceTree = "<group>"; };
		7BDABF101B476AF00032E0A7 /* JWLabel.h */ = {isa = PBXFileReference; fileEncoding = 4; lastKnownFileType = sourcecode.c.h; name = JWLabel.h; path = "Service Layer/JWLabel.h"; sourceTree = "<group>"; };
		7BDABF111B476AF00032E0A7 /* JWLabel.m */ = {isa = PBXFileReference; fileEncoding = 4; lastKnownFileType = sourcecode.c.objc; name = JWLabel.m; path = "Service Layer/JWLabel.m"; sourceTree = "<group>"; };
		7BDABF121B476AF00032E0A7 /* JWMacros.h */ = {isa = PBXFileReference; fileEncoding = 4; lastKnownFileType = sourcecode.c.h; name = JWMacros.h; path = "Service Layer/JWMacros.h"; sourceTree = "<group>"; };
		7BDABF131B476AF00032E0A7 /* JWMacros.m */ = {isa = PBXFileReference; fileEncoding = 4; lastKnownFileType = sourcecode.c.objc; name = JWMacros.m; path = "Service Layer/JWMacros.m"; sourceTree = "<group>"; };
		7BDABF141B476AF00032E0A7 /* NetAPIClient.h */ = {isa = PBXFileReference; fileEncoding = 4; lastKnownFileType = sourcecode.c.h; name = NetAPIClient.h; path = "Service Layer/NetAPIClient.h"; sourceTree = "<group>"; };
		7BDABF151B476AF00032E0A7 /* NetAPIClient.m */ = {isa = PBXFileReference; fileEncoding = 4; lastKnownFileType = sourcecode.c.objc; name = NetAPIClient.m; path = "Service Layer/NetAPIClient.m"; sourceTree = "<group>"; };
		7BDABF161B476AF00032E0A7 /* Reachability.h */ = {isa = PBXFileReference; fileEncoding = 4; lastKnownFileType = sourcecode.c.h; name = Reachability.h; path = "Service Layer/Reachability.h"; sourceTree = "<group>"; };
		7BDABF171B476AF00032E0A7 /* Reachability.m */ = {isa = PBXFileReference; fileEncoding = 4; lastKnownFileType = sourcecode.c.objc; name = Reachability.m; path = "Service Layer/Reachability.m"; sourceTree = "<group>"; };
		7BDABF181B476AF00032E0A7 /* Routes.h */ = {isa = PBXFileReference; fileEncoding = 4; lastKnownFileType = sourcecode.c.h; name = Routes.h; path = "Service Layer/Routes.h"; sourceTree = "<group>"; };
		7BDABF191B476AF00032E0A7 /* Routes.m */ = {isa = PBXFileReference; fileEncoding = 4; lastKnownFileType = sourcecode.c.objc; name = Routes.m; path = "Service Layer/Routes.m"; sourceTree = "<group>"; };
		7BDABF1A1B476AF00032E0A7 /* UITableView+Helper.h */ = {isa = PBXFileReference; fileEncoding = 4; lastKnownFileType = sourcecode.c.h; name = "UITableView+Helper.h"; path = "Service Layer/UITableView+Helper.h"; sourceTree = "<group>"; };
		7BDABF1B1B476AF00032E0A7 /* UITableView+Helper.m */ = {isa = PBXFileReference; fileEncoding = 4; lastKnownFileType = sourcecode.c.objc; name = "UITableView+Helper.m"; path = "Service Layer/UITableView+Helper.m"; sourceTree = "<group>"; };
		7BDABF1C1B476AF00032E0A7 /* Validator.h */ = {isa = PBXFileReference; fileEncoding = 4; lastKnownFileType = sourcecode.c.h; name = Validator.h; path = "Service Layer/Validator.h"; sourceTree = "<group>"; };
		7BDABF1D1B476AF00032E0A7 /* Validator.m */ = {isa = PBXFileReference; fileEncoding = 4; lastKnownFileType = sourcecode.c.objc; name = Validator.m; path = "Service Layer/Validator.m"; sourceTree = "<group>"; };
		7BDABF2B1B476B0E0032E0A7 /* ArticleDetailViewController.h */ = {isa = PBXFileReference; fileEncoding = 4; lastKnownFileType = sourcecode.c.h; name = ArticleDetailViewController.h; path = ViewController/ArticleDetailViewController.h; sourceTree = "<group>"; };
		7BDABF2C1B476B0E0032E0A7 /* ArticleDetailViewController.m */ = {isa = PBXFileReference; fileEncoding = 4; lastKnownFileType = sourcecode.c.objc; name = ArticleDetailViewController.m; path = ViewController/ArticleDetailViewController.m; sourceTree = "<group>"; };
		7BDABF2D1B476B0E0032E0A7 /* ArticlesListViewController.h */ = {isa = PBXFileReference; fileEncoding = 4; lastKnownFileType = sourcecode.c.h; name = ArticlesListViewController.h; path = ViewController/ArticlesListViewController.h; sourceTree = "<group>"; };
		7BDABF2E1B476B0E0032E0A7 /* ArticlesListViewController.m */ = {isa = PBXFileReference; fileEncoding = 4; lastKnownFileType = sourcecode.c.objc; name = ArticlesListViewController.m; path = ViewController/ArticlesListViewController.m; sourceTree = "<group>"; };
		7BFE21A31B840E9B00220063 /* ArticleModelTests.m */ = {isa = PBXFileReference; fileEncoding = 4; lastKnownFileType = sourcecode.c.objc; path = ArticleModelTests.m; sourceTree = "<group>"; };
		7BFE6DDD1B49836900158389 /* Database.h */ = {isa = PBXFileReference; fileEncoding = 4; lastKnownFileType = sourcecode.c.h; name = Database.h; path = "Service Layer/Database.h"; sourceTree = "<group>"; };
		7BFE6DDE1B49836900158389 /* Database.m */ = {isa = PBXFileReference; fileEncoding = 4; lastKnownFileType = sourcecode.c.objc; name = Database.m; path = "Service Layer/Database.m"; sourceTree = "<group>"; };
		7BFE6DE11B49884400158389 /* Model.xcdatamodel */ = {isa = PBXFileReference; lastKnownFileType = wrapper.xcdatamodel; path = Model.xcdatamodel; sourceTree = "<group>"; };
		7BFE6DE31B4989B400158389 /* Article.h */ = {isa = PBXFileReference; fileEncoding = 4; lastKnownFileType = sourcecode.c.h; name = Article.h; path = "Model/Model Classes/Article.h"; sourceTree = "<group>"; };
		7BFE6DE41B4989B400158389 /* Article.m */ = {isa = PBXFileReference; fileEncoding = 4; lastKnownFileType = sourcecode.c.objc; name = Article.m; path = "Model/Model Classes/Article.m"; sourceTree = "<group>"; };
/* End PBXFileReference section */

/* Begin PBXFrameworksBuildPhase section */
		7BDABE9E1B47693D0032E0A7 /* Frameworks */ = {
			isa = PBXFrameworksBuildPhase;
			buildActionMask = 2147483647;
			files = (
				B687C08E69FF96D0191BDBF7 /* libPods.a in Frameworks */,
			);
			runOnlyForDeploymentPostprocessing = 0;
		};
		7BDABEB71B47693E0032E0A7 /* Frameworks */ = {
			isa = PBXFrameworksBuildPhase;
			buildActionMask = 2147483647;
			files = (
			);
			runOnlyForDeploymentPostprocessing = 0;
		};
/* End PBXFrameworksBuildPhase section */

/* Begin PBXGroup section */
		4D59700106EB001D90AAEF48 /* Frameworks */ = {
			isa = PBXGroup;
			children = (
				0934855A2ABDAFB1ADBC38AD /* libPods.a */,
			);
			name = Frameworks;
			sourceTree = "<group>";
		};
		62E8BE006658B5BDD7D32895 /* Pods */ = {
			isa = PBXGroup;
			children = (
				76A79A2963B3926AEC65BE4B /* Pods.debug.xcconfig */,
				5588F878A9628F1DD7669EDE /* Pods.release.xcconfig */,
			);
			name = Pods;
			sourceTree = "<group>";
		};
		7BDABE981B47693D0032E0A7 = {
			isa = PBXGroup;
			children = (
				7BDABEA31B47693D0032E0A7 /* Reader */,
				7BDABEBD1B47693E0032E0A7 /* ReaderTests */,
				7BDABEA21B47693D0032E0A7 /* Products */,
				62E8BE006658B5BDD7D32895 /* Pods */,
				4D59700106EB001D90AAEF48 /* Frameworks */,
			);
			sourceTree = "<group>";
		};
		7BDABEA21B47693D0032E0A7 /* Products */ = {
			isa = PBXGroup;
			children = (
				7BDABEA11B47693D0032E0A7 /* Reader.app */,
				7BDABEBA1B47693E0032E0A7 /* ReaderTests.xctest */,
			);
			name = Products;
			sourceTree = "<group>";
		};
		7BDABEA31B47693D0032E0A7 /* Reader */ = {
			isa = PBXGroup;
			children = (
				7BDABECD1B4769AD0032E0A7 /* AppDelegate */,
				7BDABECE1B4769C50032E0A7 /* Cell */,
				7BDABEF21B476A7E0032E0A7 /* DAO */,
				7BDABEB11B47693E0032E0A7 /* Images.xcassets */,
				7BDABEB31B47693E0032E0A7 /* LaunchScreen.xib */,
				7BDABEAE1B47693E0032E0A7 /* Main.storyboard */,
				7BDABEFC1B476AA70032E0A7 /* Model */,
				7BDABF051B476ADF0032E0A7 /* Service Layer */,
				7BDABEA41B47693D0032E0A7 /* Supporting Files */,
				7BDABF2A1B476B030032E0A7 /* ViewController */,
			);
			path = Reader;
			sourceTree = "<group>";
		};
		7BDABEA41B47693D0032E0A7 /* Supporting Files */ = {
			isa = PBXGroup;
			children = (
				7BDABEA51B47693D0032E0A7 /* Info.plist */,
				7BDABEA61B47693D0032E0A7 /* main.m */,
			);
			name = "Supporting Files";
			sourceTree = "<group>";
		};
		7BDABEBD1B47693E0032E0A7 /* ReaderTests */ = {
			isa = PBXGroup;
			children = (
				7BDABEC01B47693E0032E0A7 /* ReaderTests.m */,
				7BDABEBE1B47693E0032E0A7 /* Supporting Files */,
				7BFE21A31B840E9B00220063 /* ArticleModelTests.m */,
			);
			path = ReaderTests;
			sourceTree = "<group>";
		};
		7BDABEBE1B47693E0032E0A7 /* Supporting Files */ = {
			isa = PBXGroup;
			children = (
				7BDABEBF1B47693E0032E0A7 /* Info.plist */,
			);
			name = "Supporting Files";
			sourceTree = "<group>";
		};
		7BDABECD1B4769AD0032E0A7 /* AppDelegate */ = {
			isa = PBXGroup;
			children = (
				7BDABECA1B4769A80032E0A7 /* AppDelegate.h */,
				7BDABECB1B4769A80032E0A7 /* AppDelegate.m */,
			);
			name = AppDelegate;
			sourceTree = "<group>";
		};
		7BDABECE1B4769C50032E0A7 /* Cell */ = {
			isa = PBXGroup;
			children = (
				7BDABEEB1B4769DF0032E0A7 /* Article */,
				7BDABEEC1B476A010032E0A7 /* ArticleDetail */,
				7BDABEF11B476A5F0032E0A7 /* Generic */,
			);
			name = Cell;
			sourceTree = "<group>";
		};
		7BDABEEB1B4769DF0032E0A7 /* Article */ = {
			isa = PBXGroup;
			children = (
				7BDABECF1B4769D50032E0A7 /* ArticleCell.h */,
				7BDABED01B4769D50032E0A7 /* ArticleCell.m */,
				7BDABED11B4769D50032E0A7 /* ArticleCell.xib */,
			);
			name = Article;
			sourceTree = "<group>";
		};
		7BDABEEC1B476A010032E0A7 /* ArticleDetail */ = {
			isa = PBXGroup;
			children = (
				7BDABEED1B476A150032E0A7 /* Content */,
				7BDABEEE1B476A250032E0A7 /* Footer */,
				7BDABEEF1B476A3B0032E0A7 /* Image */,
				7BDABEF01B476A460032E0A7 /* Title */,
			);
			name = ArticleDetail;
			sourceTree = "<group>";
		};
		7BDABEED1B476A150032E0A7 /* Content */ = {
			isa = PBXGroup;
			children = (
				7BDABED21B4769D50032E0A7 /* ContentCell.h */,
				7BDABED31B4769D50032E0A7 /* ContentCell.m */,
				7BDABED41B4769D50032E0A7 /* ContentCell.xib */,
			);
			name = Content;
			sourceTree = "<group>";
		};
		7BDABEEE1B476A250032E0A7 /* Footer */ = {
			isa = PBXGroup;
			children = (
				7BDABED51B4769D50032E0A7 /* FooterCell.h */,
				7BDABED61B4769D50032E0A7 /* FooterCell.m */,
				7BDABED71B4769D50032E0A7 /* FooterCell.xib */,
			);
			name = Footer;
			sourceTree = "<group>";
		};
		7BDABEEF1B476A3B0032E0A7 /* Image */ = {
			isa = PBXGroup;
			children = (
				7BDABEDA1B4769D50032E0A7 /* ImageCell.h */,
				7BDABEDB1B4769D50032E0A7 /* ImageCell.m */,
				7BDABEDC1B4769D50032E0A7 /* ImageCell.xib */,
			);
			name = Image;
			sourceTree = "<group>";
		};
		7BDABEF01B476A460032E0A7 /* Title */ = {
			isa = PBXGroup;
			children = (
				7BDABEDD1B4769D50032E0A7 /* TitleCell.h */,
				7BDABEDE1B4769D50032E0A7 /* TitleCell.m */,
				7BDABEDF1B4769D50032E0A7 /* TitleCell.xib */,
			);
			name = Title;
			sourceTree = "<group>";
		};
		7BDABEF11B476A5F0032E0A7 /* Generic */ = {
			isa = PBXGroup;
			children = (
				7BDABED81B4769D50032E0A7 /* GenericCell.h */,
				7BDABED91B4769D50032E0A7 /* GenericCell.m */,
			);
			name = Generic;
			sourceTree = "<group>";
		};
		7BDABEF21B476A7E0032E0A7 /* DAO */ = {
			isa = PBXGroup;
			children = (
				7BDABEF31B476A8A0032E0A7 /* ArticleDAO.h */,
				7BDABEF41B476A8A0032E0A7 /* ArticleDAO.m */,
				7BDABEF51B476A8A0032E0A7 /* GenericDAO.h */,
				7BDABEF61B476A8A0032E0A7 /* GenericDAO.m */,
				7BDABEF71B476A8A0032E0A7 /* ImageDAO.h */,
				7BDABEF81B476A8A0032E0A7 /* ImageDAO.m */,
			);
			name = DAO;
			sourceTree = "<group>";
		};
		7BDABEFC1B476AA70032E0A7 /* Model */ = {
			isa = PBXGroup;
			children = (
				7BDABEFE1B476AB70032E0A7 /* Model Subclasses */,
				7BDABEFD1B476AAF0032E0A7 /* Model Classes */,
				7BFE6DE01B49884400158389 /* Model.xcdatamodeld */,
			);
			name = Model;
			sourceTree = "<group>";
		};
		7BDABEFD1B476AAF0032E0A7 /* Model Classes */ = {
			isa = PBXGroup;
			children = (
				7BFE6DE31B4989B400158389 /* Article.h */,
				7BFE6DE41B4989B400158389 /* Article.m */,
			);
			name = "Model Classes";
			sourceTree = "<group>";
		};
		7BDABEFE1B476AB70032E0A7 /* Model Subclasses */ = {
			isa = PBXGroup;
			children = (
				7BDABEFF1B476AC70032E0A7 /* ArticleModel.h */,
				7BDABF001B476AC70032E0A7 /* ArticleModel.m */,
				7BDABF011B476AC70032E0A7 /* GenericModel.h */,
				7BDABF021B476AC70032E0A7 /* GenericModel.m */,
			);
			name = "Model Subclasses";
			sourceTree = "<group>";
		};
		7BDABF051B476ADF0032E0A7 /* Service Layer */ = {
			isa = PBXGroup;
			children = (
				7BDABF061B476AF00032E0A7 /* CellHelper.h */,
				7BDABF071B476AF00032E0A7 /* CellHelper.m */,
				7BDABF081B476AF00032E0A7 /* Connection.h */,
				7BDABF091B476AF00032E0A7 /* Connection.m */,
				7BDABF0A1B476AF00032E0A7 /* Constants.h */,
				7BDABF0B1B476AF00032E0A7 /* Constants.m */,
				7BFE6DDD1B49836900158389 /* Database.h */,
				7BFE6DDE1B49836900158389 /* Database.m */,
				7BDABF0C1B476AF00032E0A7 /* DateHelper.h */,
				7BDABF0D1B476AF00032E0A7 /* DateHelper.m */,
				7BDABF0E1B476AF00032E0A7 /* DeviceInfo.h */,
				7BDABF0F1B476AF00032E0A7 /* DeviceInfo.m */,
				7BDABF101B476AF00032E0A7 /* JWLabel.h */,
				7BDABF111B476AF00032E0A7 /* JWLabel.m */,
				7BDABF121B476AF00032E0A7 /* JWMacros.h */,
				7BDABF131B476AF00032E0A7 /* JWMacros.m */,
				7BDABF141B476AF00032E0A7 /* NetAPIClient.h */,
				7BDABF151B476AF00032E0A7 /* NetAPIClient.m */,
				7BDABF161B476AF00032E0A7 /* Reachability.h */,
				7BDABF171B476AF00032E0A7 /* Reachability.m */,
				7BDABF181B476AF00032E0A7 /* Routes.h */,
				7BDABF191B476AF00032E0A7 /* Routes.m */,
				7BDABF1A1B476AF00032E0A7 /* UITableView+Helper.h */,
				7BDABF1B1B476AF00032E0A7 /* UITableView+Helper.m */,
				7BDABF1C1B476AF00032E0A7 /* Validator.h */,
				7BDABF1D1B476AF00032E0A7 /* Validator.m */,
			);
			name = "Service Layer";
			sourceTree = "<group>";
		};
		7BDABF2A1B476B030032E0A7 /* ViewController */ = {
			isa = PBXGroup;
			children = (
				7BDABF2B1B476B0E0032E0A7 /* ArticleDetailViewController.h */,
				7BDABF2C1B476B0E0032E0A7 /* ArticleDetailViewController.m */,
				7BDABF2D1B476B0E0032E0A7 /* ArticlesListViewController.h */,
				7BDABF2E1B476B0E0032E0A7 /* ArticlesListViewController.m */,
			);
			name = ViewController;
			sourceTree = "<group>";
		};
/* End PBXGroup section */

/* Begin PBXNativeTarget section */
		7BDABEA01B47693D0032E0A7 /* Reader */ = {
			isa = PBXNativeTarget;
			buildConfigurationList = 7BDABEC41B47693E0032E0A7 /* Build configuration list for PBXNativeTarget "Reader" */;
			buildPhases = (
				CED93CBD977A852AE2D5DE3C /* Check Pods Manifest.lock */,
				7BDABE9D1B47693D0032E0A7 /* Sources */,
				7BDABE9E1B47693D0032E0A7 /* Frameworks */,
				7BDABE9F1B47693D0032E0A7 /* Resources */,
				71938DF726AD4A1BAEB9F1AB /* Copy Pods Resources */,
			);
			buildRules = (
			);
			dependencies = (
			);
			name = Reader;
			productName = Reader;
			productReference = 7BDABEA11B47693D0032E0A7 /* Reader.app */;
			productType = "com.apple.product-type.application";
		};
		7BDABEB91B47693E0032E0A7 /* ReaderTests */ = {
			isa = PBXNativeTarget;
			buildConfigurationList = 7BDABEC71B47693E0032E0A7 /* Build configuration list for PBXNativeTarget "ReaderTests" */;
			buildPhases = (
				7BDABEB61B47693E0032E0A7 /* Sources */,
				7BDABEB71B47693E0032E0A7 /* Frameworks */,
				7BDABEB81B47693E0032E0A7 /* Resources */,
			);
			buildRules = (
			);
			dependencies = (
				7BDABEBC1B47693E0032E0A7 /* PBXTargetDependency */,
			);
			name = ReaderTests;
			productName = ReaderTests;
			productReference = 7BDABEBA1B47693E0032E0A7 /* ReaderTests.xctest */;
			productType = "com.apple.product-type.bundle.unit-test";
		};
/* End PBXNativeTarget section */

/* Begin PBXProject section */
		7BDABE991B47693D0032E0A7 /* Project object */ = {
			isa = PBXProject;
			attributes = {
				LastUpgradeCheck = 0640;
				ORGANIZATIONNAME = "Jhonathan Wyterlin";
				TargetAttributes = {
					7BDABEA01B47693D0032E0A7 = {
						CreatedOnToolsVersion = 6.4;
					};
					7BDABEB91B47693E0032E0A7 = {
						CreatedOnToolsVersion = 6.4;
						TestTargetID = 7BDABEA01B47693D0032E0A7;
					};
				};
			};
			buildConfigurationList = 7BDABE9C1B47693D0032E0A7 /* Build configuration list for PBXProject "Reader" */;
			compatibilityVersion = "Xcode 3.2";
			developmentRegion = English;
			hasScannedForEncodings = 0;
			knownRegions = (
				en,
				Base,
			);
			mainGroup = 7BDABE981B47693D0032E0A7;
			productRefGroup = 7BDABEA21B47693D0032E0A7 /* Products */;
			projectDirPath = "";
			projectRoot = "";
			targets = (
				7BDABEA01B47693D0032E0A7 /* Reader */,
				7BDABEB91B47693E0032E0A7 /* ReaderTests */,
			);
		};
/* End PBXProject section */

/* Begin PBXResourcesBuildPhase section */
		7BDABE9F1B47693D0032E0A7 /* Resources */ = {
			isa = PBXResourcesBuildPhase;
			buildActionMask = 2147483647;
			files = (
				7BDABEEA1B4769D50032E0A7 /* TitleCell.xib in Resources */,
				7BDABEE11B4769D50032E0A7 /* ArticleCell.xib in Resources */,
				7BDABEE31B4769D50032E0A7 /* ContentCell.xib in Resources */,
				7BDABEE81B4769D50032E0A7 /* ImageCell.xib in Resources */,
				7BDABEE51B4769D50032E0A7 /* FooterCell.xib in Resources */,
				7BDABEB01B47693E0032E0A7 /* Main.storyboard in Resources */,
				7BDABEB51B47693E0032E0A7 /* LaunchScreen.xib in Resources */,
				7BDABEB21B47693E0032E0A7 /* Images.xcassets in Resources */,
			);
			runOnlyForDeploymentPostprocessing = 0;
		};
		7BDABEB81B47693E0032E0A7 /* Resources */ = {
			isa = PBXResourcesBuildPhase;
			buildActionMask = 2147483647;
			files = (
			);
			runOnlyForDeploymentPostprocessing = 0;
		};
/* End PBXResourcesBuildPhase section */

/* Begin PBXShellScriptBuildPhase section */
		71938DF726AD4A1BAEB9F1AB /* Copy Pods Resources */ = {
			isa = PBXShellScriptBuildPhase;
			buildActionMask = 2147483647;
			files = (
			);
			inputPaths = (
			);
			name = "Copy Pods Resources";
			outputPaths = (
			);
			runOnlyForDeploymentPostprocessing = 0;
			shellPath = /bin/sh;
			shellScript = "\"${SRCROOT}/Pods/Target Support Files/Pods/Pods-resources.sh\"\n";
			showEnvVarsInLog = 0;
		};
		CED93CBD977A852AE2D5DE3C /* Check Pods Manifest.lock */ = {
			isa = PBXShellScriptBuildPhase;
			buildActionMask = 2147483647;
			files = (
			);
			inputPaths = (
			);
			name = "Check Pods Manifest.lock";
			outputPaths = (
			);
			runOnlyForDeploymentPostprocessing = 0;
			shellPath = /bin/sh;
			shellScript = "diff \"${PODS_ROOT}/../Podfile.lock\" \"${PODS_ROOT}/Manifest.lock\" > /dev/null\nif [[ $? != 0 ]] ; then\n    cat << EOM\nerror: The sandbox is not in sync with the Podfile.lock. Run 'pod install' or update your CocoaPods installation.\nEOM\n    exit 1\nfi\n";
			showEnvVarsInLog = 0;
		};
/* End PBXShellScriptBuildPhase section */

/* Begin PBXSourcesBuildPhase section */
		7BDABE9D1B47693D0032E0A7 /* Sources */ = {
			isa = PBXSourcesBuildPhase;
			buildActionMask = 2147483647;
			files = (
				7BDABEFB1B476A8A0032E0A7 /* ImageDAO.m in Sources */,
				7BDABEE91B4769D50032E0A7 /* TitleCell.m in Sources */,
				7BFE6DDF1B49836900158389 /* Database.m in Sources */,
				7BDABF291B476AF00032E0A7 /* Validator.m in Sources */,
				7BDABF031B476AC70032E0A7 /* ArticleModel.m in Sources */,
				7BDABF2F1B476B0E0032E0A7 /* ArticleDetailViewController.m in Sources */,
				7BDABF201B476AF00032E0A7 /* Constants.m in Sources */,
				7BDABECC1B4769A80032E0A7 /* AppDelegate.m in Sources */,
				7BDABEF91B476A8A0032E0A7 /* ArticleDAO.m in Sources */,
				7BDABF211B476AF00032E0A7 /* DateHelper.m in Sources */,
				7BDABEA71B47693D0032E0A7 /* main.m in Sources */,
				7BDABF041B476AC70032E0A7 /* GenericModel.m in Sources */,
				7BDABF271B476AF00032E0A7 /* Routes.m in Sources */,
				7BDABF1E1B476AF00032E0A7 /* CellHelper.m in Sources */,
				7BDABEE01B4769D50032E0A7 /* ArticleCell.m in Sources */,
				7BDABF241B476AF00032E0A7 /* JWMacros.m in Sources */,
				7BDABEE71B4769D50032E0A7 /* ImageCell.m in Sources */,
				7BDABEFA1B476A8A0032E0A7 /* GenericDAO.m in Sources */,
				7BDABF261B476AF00032E0A7 /* Reachability.m in Sources */,
				7BDABEE21B4769D50032E0A7 /* ContentCell.m in Sources */,
				7BFE6DE51B4989B400158389 /* Article.m in Sources */,
				7BDABEE41B4769D50032E0A7 /* FooterCell.m in Sources */,
				7BDABF221B476AF00032E0A7 /* DeviceInfo.m in Sources */,
				7BDABF281B476AF00032E0A7 /* UITableView+Helper.m in Sources */,
				7BDABF231B476AF00032E0A7 /* JWLabel.m in Sources */,
				7BDABEE61B4769D50032E0A7 /* GenericCell.m in Sources */,
				7BDABF1F1B476AF00032E0A7 /* Connection.m in Sources */,
				7BDABF251B476AF00032E0A7 /* NetAPIClient.m in Sources */,
				7BDABF301B476B0E0032E0A7 /* ArticlesListViewController.m in Sources */,
				7BFE6DE21B49884400158389 /* Model.xcdatamodeld in Sources */,
			);
			runOnlyForDeploymentPostprocessing = 0;
		};
		7BDABEB61B47693E0032E0A7 /* Sources */ = {
			isa = PBXSourcesBuildPhase;
			buildActionMask = 2147483647;
			files = (
				7BFE21A41B840E9B00220063 /* ArticleModelTests.m in Sources */,
				7BDABEC11B47693E0032E0A7 /* ReaderTests.m in Sources */,
			);
			runOnlyForDeploymentPostprocessing = 0;
		};
/* End PBXSourcesBuildPhase section */

/* Begin PBXTargetDependency section */
		7BDABEBC1B47693E0032E0A7 /* PBXTargetDependency */ = {
			isa = PBXTargetDependency;
			target = 7BDABEA01B47693D0032E0A7 /* Reader */;
			targetProxy = 7BDABEBB1B47693E0032E0A7 /* PBXContainerItemProxy */;
		};
/* End PBXTargetDependency section */

/* Begin PBXVariantGroup section */
		7BDABEAE1B47693E0032E0A7 /* Main.storyboard */ = {
			isa = PBXVariantGroup;
			children = (
				7BDABEAF1B47693E0032E0A7 /* Base */,
			);
			name = Main.storyboard;
			sourceTree = "<group>";
		};
		7BDABEB31B47693E0032E0A7 /* LaunchScreen.xib */ = {
			isa = PBXVariantGroup;
			children = (
				7BDABEB41B47693E0032E0A7 /* Base */,
			);
			name = LaunchScreen.xib;
			sourceTree = "<group>";
		};
/* End PBXVariantGroup section */

/* Begin XCBuildConfiguration section */
		7BDABEC21B47693E0032E0A7 /* Debug */ = {
			isa = XCBuildConfiguration;
			buildSettings = {
				ALWAYS_SEARCH_USER_PATHS = NO;
				CLANG_CXX_LANGUAGE_STANDARD = "gnu++0x";
				CLANG_CXX_LIBRARY = "libc++";
				CLANG_ENABLE_MODULES = YES;
				CLANG_ENABLE_OBJC_ARC = YES;
				CLANG_WARN_BOOL_CONVERSION = YES;
				CLANG_WARN_CONSTANT_CONVERSION = YES;
				CLANG_WARN_DIRECT_OBJC_ISA_USAGE = YES_ERROR;
				CLANG_WARN_EMPTY_BODY = YES;
				CLANG_WARN_ENUM_CONVERSION = YES;
				CLANG_WARN_INT_CONVERSION = YES;
				CLANG_WARN_OBJC_ROOT_CLASS = YES_ERROR;
				CLANG_WARN_UNREACHABLE_CODE = YES;
				CLANG_WARN__DUPLICATE_METHOD_MATCH = YES;
				"CODE_SIGN_IDENTITY[sdk=iphoneos*]" = "iPhone Developer";
				COPY_PHASE_STRIP = NO;
				DEBUG_INFORMATION_FORMAT = "dwarf-with-dsym";
				ENABLE_STRICT_OBJC_MSGSEND = YES;
				GCC_C_LANGUAGE_STANDARD = gnu99;
				GCC_DYNAMIC_NO_PIC = NO;
				GCC_NO_COMMON_BLOCKS = YES;
				GCC_OPTIMIZATION_LEVEL = 0;
				GCC_PREPROCESSOR_DEFINITIONS = (
					"DEBUG=1",
					"$(inherited)",
				);
				GCC_SYMBOLS_PRIVATE_EXTERN = NO;
				GCC_WARN_64_TO_32_BIT_CONVERSION = YES;
				GCC_WARN_ABOUT_RETURN_TYPE = YES_ERROR;
				GCC_WARN_UNDECLARED_SELECTOR = YES;
				GCC_WARN_UNINITIALIZED_AUTOS = YES_AGGRESSIVE;
				GCC_WARN_UNUSED_FUNCTION = YES;
				GCC_WARN_UNUSED_VARIABLE = YES;
				IPHONEOS_DEPLOYMENT_TARGET = 8.4;
				MTL_ENABLE_DEBUG_INFO = YES;
				ONLY_ACTIVE_ARCH = YES;
				SDKROOT = iphoneos;
			};
			name = Debug;
		};
		7BDABEC31B47693E0032E0A7 /* Release */ = {
			isa = XCBuildConfiguration;
			buildSettings = {
				ALWAYS_SEARCH_USER_PATHS = NO;
				CLANG_CXX_LANGUAGE_STANDARD = "gnu++0x";
				CLANG_CXX_LIBRARY = "libc++";
				CLANG_ENABLE_MODULES = YES;
				CLANG_ENABLE_OBJC_ARC = YES;
				CLANG_WARN_BOOL_CONVERSION = YES;
				CLANG_WARN_CONSTANT_CONVERSION = YES;
				CLANG_WARN_DIRECT_OBJC_ISA_USAGE = YES_ERROR;
				CLANG_WARN_EMPTY_BODY = YES;
				CLANG_WARN_ENUM_CONVERSION = YES;
				CLANG_WARN_INT_CONVERSION = YES;
				CLANG_WARN_OBJC_ROOT_CLASS = YES_ERROR;
				CLANG_WARN_UNREACHABLE_CODE = YES;
				CLANG_WARN__DUPLICATE_METHOD_MATCH = YES;
				"CODE_SIGN_IDENTITY[sdk=iphoneos*]" = "iPhone Developer";
				COPY_PHASE_STRIP = NO;
				DEBUG_INFORMATION_FORMAT = "dwarf-with-dsym";
				ENABLE_NS_ASSERTIONS = NO;
				ENABLE_STRICT_OBJC_MSGSEND = YES;
				GCC_C_LANGUAGE_STANDARD = gnu99;
				GCC_NO_COMMON_BLOCKS = YES;
				GCC_WARN_64_TO_32_BIT_CONVERSION = YES;
				GCC_WARN_ABOUT_RETURN_TYPE = YES_ERROR;
				GCC_WARN_UNDECLARED_SELECTOR = YES;
				GCC_WARN_UNINITIALIZED_AUTOS = YES_AGGRESSIVE;
				GCC_WARN_UNUSED_FUNCTION = YES;
				GCC_WARN_UNUSED_VARIABLE = YES;
				IPHONEOS_DEPLOYMENT_TARGET = 8.4;
				MTL_ENABLE_DEBUG_INFO = NO;
				SDKROOT = iphoneos;
				VALIDATE_PRODUCT = YES;
			};
			name = Release;
		};
		7BDABEC51B47693E0032E0A7 /* Debug */ = {
			isa = XCBuildConfiguration;
			baseConfigurationReference = 76A79A2963B3926AEC65BE4B /* Pods.debug.xcconfig */;
			buildSettings = {
				ASSETCATALOG_COMPILER_APPICON_NAME = AppIcon;
				INFOPLIST_FILE = Reader/Info.plist;
				IPHONEOS_DEPLOYMENT_TARGET = 8.0;
				LD_RUNPATH_SEARCH_PATHS = "$(inherited) @executable_path/Frameworks";
				PRODUCT_NAME = "$(TARGET_NAME)";
				TARGETED_DEVICE_FAMILY = "1,2";
			};
			name = Debug;
		};
		7BDABEC61B47693E0032E0A7 /* Release */ = {
			isa = XCBuildConfiguration;
			baseConfigurationReference = 5588F878A9628F1DD7669EDE /* Pods.release.xcconfig */;
			buildSettings = {
				ASSETCATALOG_COMPILER_APPICON_NAME = AppIcon;
				INFOPLIST_FILE = Reader/Info.plist;
				IPHONEOS_DEPLOYMENT_TARGET = 8.0;
				LD_RUNPATH_SEARCH_PATHS = "$(inherited) @executable_path/Frameworks";
				PRODUCT_NAME = "$(TARGET_NAME)";
				TARGETED_DEVICE_FAMILY = "1,2";
			};
			name = Release;
		};
		7BDABEC81B47693E0032E0A7 /* Debug */ = {
			isa = XCBuildConfiguration;
			buildSettings = {
				BUNDLE_LOADER = "$(TEST_HOST)";
				FRAMEWORK_SEARCH_PATHS = (
					"$(SDKROOT)/Developer/Library/Frameworks",
					"$(inherited)",
				);
				GCC_PREPROCESSOR_DEFINITIONS = (
					"DEBUG=1",
					"$(inherited)",
				);
				INFOPLIST_FILE = ReaderTests/Info.plist;
				LD_RUNPATH_SEARCH_PATHS = "$(inherited) @executable_path/Frameworks @loader_path/Frameworks";
				PRODUCT_NAME = "$(TARGET_NAME)";
				TEST_HOST = "$(BUILT_PRODUCTS_DIR)/Reader.app/Reader";
			};
			name = Debug;
		};
		7BDABEC91B47693E0032E0A7 /* Release */ = {
			isa = XCBuildConfiguration;
			buildSettings = {
				BUNDLE_LOADER = "$(TEST_HOST)";
				FRAMEWORK_SEARCH_PATHS = (
					"$(SDKROOT)/Developer/Library/Frameworks",
					"$(inherited)",
				);
				INFOPLIST_FILE = ReaderTests/Info.plist;
				LD_RUNPATH_SEARCH_PATHS = "$(inherited) @executable_path/Frameworks @loader_path/Frameworks";
				PRODUCT_NAME = "$(TARGET_NAME)";
				TEST_HOST = "$(BUILT_PRODUCTS_DIR)/Reader.app/Reader";
			};
			name = Release;
		};
/* End XCBuildConfiguration section */

/* Begin XCConfigurationList section */
		7BDABE9C1B47693D0032E0A7 /* Build configuration list for PBXProject "Reader" */ = {
			isa = XCConfigurationList;
			buildConfigurations = (
				7BDABEC21B47693E0032E0A7 /* Debug */,
				7BDABEC31B47693E0032E0A7 /* Release */,
			);
			defaultConfigurationIsVisible = 0;
			defaultConfigurationName = Release;
		};
		7BDABEC41B47693E0032E0A7 /* Build configuration list for PBXNativeTarget "Reader" */ = {
			isa = XCConfigurationList;
			buildConfigurations = (
				7BDABEC51B47693E0032E0A7 /* Debug */,
				7BDABEC61B47693E0032E0A7 /* Release */,
			);
			defaultConfigurationIsVisible = 0;
			defaultConfigurationName = Release;
		};
		7BDABEC71B47693E0032E0A7 /* Build configuration list for PBXNativeTarget "ReaderTests" */ = {
			isa = XCConfigurationList;
			buildConfigurations = (
				7BDABEC81B47693E0032E0A7 /* Debug */,
				7BDABEC91B47693E0032E0A7 /* Release */,
			);
			defaultConfigurationIsVisible = 0;
			defaultConfigurationName = Release;
		};
/* End XCConfigurationList section */

/* Begin XCVersionGroup section */
		7BFE6DE01B49884400158389 /* Model.xcdatamodeld */ = {
			isa = XCVersionGroup;
			children = (
				7BFE6DE11B49884400158389 /* Model.xcdatamodel */,
			);
			currentVersion = 7BFE6DE11B49884400158389 /* Model.xcdatamodel */;
			name = Model.xcdatamodeld;
			path = Model/Model.xcdatamodeld;
			sourceTree = "<group>";
			versionGroupType = wrapper.xcdatamodel;
		};
/* End XCVersionGroup section */
	};
	rootObject = 7BDABE991B47693D0032E0A7 /* Project object */;
}
