// !$*UTF8*$!
{
	archiveVersion = 1;
	classes = {
	};
	objectVersion = 46;
	objects = {

/* Begin PBXBuildFile section */
		5BAD55031B4442FD007B0CBA /* main.m in Sources */ = {isa = PBXBuildFile; fileRef = 5BAD55021B4442FD007B0CBA /* main.m */; };
		5BAD550C1B4442FD007B0CBA /* Main.storyboard in Resources */ = {isa = PBXBuildFile; fileRef = 5BAD550A1B4442FD007B0CBA /* Main.storyboard */; };
		5BAD550E1B4442FD007B0CBA /* Assets.xcassets in Resources */ = {isa = PBXBuildFile; fileRef = 5BAD550D1B4442FD007B0CBA /* Assets.xcassets */; };
		5BAD55111B4442FD007B0CBA /* LaunchScreen.storyboard in Resources */ = {isa = PBXBuildFile; fileRef = 5BAD550F1B4442FD007B0CBA /* LaunchScreen.storyboard */; };
		5BAD551C1B4442FD007B0CBA /* ReaderTests.m in Sources */ = {isa = PBXBuildFile; fileRef = 5BAD551B1B4442FD007B0CBA /* ReaderTests.m */; };
		5BAD55271B4442FD007B0CBA /* ReaderUITests.m in Sources */ = {isa = PBXBuildFile; fileRef = 5BAD55261B4442FD007B0CBA /* ReaderUITests.m */; };
		5BAD55361B4445A1007B0CBA /* AppDelegate.m in Sources */ = {isa = PBXBuildFile; fileRef = 5BAD55351B4445A1007B0CBA /* AppDelegate.m */; };
		5BAD55391B4445B1007B0CBA /* ArticlesListViewController.m in Sources */ = {isa = PBXBuildFile; fileRef = 5BAD55381B4445B1007B0CBA /* ArticlesListViewController.m */; };
		5BEC21451B44499A008D2A24 /* GenericModel.m in Sources */ = {isa = PBXBuildFile; fileRef = 5BEC21441B44499A008D2A24 /* GenericModel.m */; };
		5BEC21481B444A89008D2A24 /* ArticleModel.m in Sources */ = {isa = PBXBuildFile; fileRef = 5BEC21471B444A89008D2A24 /* ArticleModel.m */; };
		5BEC214C1B444CD6008D2A24 /* GenericDAO.m in Sources */ = {isa = PBXBuildFile; fileRef = 5BEC214B1B444CD6008D2A24 /* GenericDAO.m */; };
		7BEE61C11B44A2A4001DBB28 /* Connection.m in Sources */ = {isa = PBXBuildFile; fileRef = 7BEE61C01B44A2A4001DBB28 /* Connection.m */; };
		7BEE61C41B44A2E2001DBB28 /* Routes.m in Sources */ = {isa = PBXBuildFile; fileRef = 7BEE61C31B44A2E2001DBB28 /* Routes.m */; };
		7BEE61C71B44A371001DBB28 /* Reachability.m in Sources */ = {isa = PBXBuildFile; fileRef = 7BEE61C61B44A371001DBB28 /* Reachability.m */; };
		7BEE61CA1B44A3DE001DBB28 /* NetAPIClient.m in Sources */ = {isa = PBXBuildFile; fileRef = 7BEE61C91B44A3DE001DBB28 /* NetAPIClient.m */; };
		7BEE61CD1B44A816001DBB28 /* Constants.m in Sources */ = {isa = PBXBuildFile; fileRef = 7BEE61CC1B44A816001DBB28 /* Constants.m */; };
		7BEE61D01B44B2B0001DBB28 /* ArticleDAO.m in Sources */ = {isa = PBXBuildFile; fileRef = 7BEE61CF1B44B2B0001DBB28 /* ArticleDAO.m */; };
		BD5EA9836665D41875115F53 /* libPods.a in Frameworks */ = {isa = PBXBuildFile; fileRef = E446FF49CF3028491FE2E694 /* libPods.a */; };
/* End PBXBuildFile section */

/* Begin PBXContainerItemProxy section */
		5BAD55181B4442FD007B0CBA /* PBXContainerItemProxy */ = {
			isa = PBXContainerItemProxy;
			containerPortal = 5BAD54F61B4442FD007B0CBA /* Project object */;
			proxyType = 1;
			remoteGlobalIDString = 5BAD54FD1B4442FD007B0CBA;
			remoteInfo = Reader;
		};
		5BAD55231B4442FD007B0CBA /* PBXContainerItemProxy */ = {
			isa = PBXContainerItemProxy;
			containerPortal = 5BAD54F61B4442FD007B0CBA /* Project object */;
			proxyType = 1;
			remoteGlobalIDString = 5BAD54FD1B4442FD007B0CBA;
			remoteInfo = Reader;
		};
/* End PBXContainerItemProxy section */

/* Begin PBXFileReference section */
		2907D289D73110EAD15740A3 /* Pods.release.xcconfig */ = {isa = PBXFileReference; includeInIndex = 1; lastKnownFileType = text.xcconfig; name = Pods.release.xcconfig; path = "Pods/Target Support Files/Pods/Pods.release.xcconfig"; sourceTree = "<group>"; };
		5BAD54FE1B4442FD007B0CBA /* Reader.app */ = {isa = PBXFileReference; explicitFileType = wrapper.application; includeInIndex = 0; path = Reader.app; sourceTree = BUILT_PRODUCTS_DIR; };
		5BAD55021B4442FD007B0CBA /* main.m */ = {isa = PBXFileReference; lastKnownFileType = sourcecode.c.objc; path = main.m; sourceTree = "<group>"; };
		5BAD550B1B4442FD007B0CBA /* Base */ = {isa = PBXFileReference; lastKnownFileType = file.storyboard; name = Base; path = Base.lproj/Main.storyboard; sourceTree = "<group>"; };
		5BAD550D1B4442FD007B0CBA /* Assets.xcassets */ = {isa = PBXFileReference; lastKnownFileType = folder.assetcatalog; path = Assets.xcassets; sourceTree = "<group>"; };
		5BAD55101B4442FD007B0CBA /* Base */ = {isa = PBXFileReference; lastKnownFileType = file.storyboard; name = Base; path = Base.lproj/LaunchScreen.storyboard; sourceTree = "<group>"; };
		5BAD55121B4442FD007B0CBA /* Info.plist */ = {isa = PBXFileReference; lastKnownFileType = text.plist.xml; path = Info.plist; sourceTree = "<group>"; };
		5BAD55171B4442FD007B0CBA /* ReaderTests.xctest */ = {isa = PBXFileReference; explicitFileType = wrapper.cfbundle; includeInIndex = 0; path = ReaderTests.xctest; sourceTree = BUILT_PRODUCTS_DIR; };
		5BAD551B1B4442FD007B0CBA /* ReaderTests.m */ = {isa = PBXFileReference; lastKnownFileType = sourcecode.c.objc; path = ReaderTests.m; sourceTree = "<group>"; };
		5BAD551D1B4442FD007B0CBA /* Info.plist */ = {isa = PBXFileReference; lastKnownFileType = text.plist.xml; path = Info.plist; sourceTree = "<group>"; };
		5BAD55221B4442FD007B0CBA /* ReaderUITests.xctest */ = {isa = PBXFileReference; explicitFileType = wrapper.cfbundle; includeInIndex = 0; path = ReaderUITests.xctest; sourceTree = BUILT_PRODUCTS_DIR; };
		5BAD55261B4442FD007B0CBA /* ReaderUITests.m */ = {isa = PBXFileReference; lastKnownFileType = sourcecode.c.objc; path = ReaderUITests.m; sourceTree = "<group>"; };
		5BAD55281B4442FD007B0CBA /* Info.plist */ = {isa = PBXFileReference; lastKnownFileType = text.plist.xml; path = Info.plist; sourceTree = "<group>"; };
		5BAD55341B4445A1007B0CBA /* AppDelegate.h */ = {isa = PBXFileReference; fileEncoding = 4; lastKnownFileType = sourcecode.c.h; name = AppDelegate.h; path = AppDelegate/AppDelegate.h; sourceTree = "<group>"; };
		5BAD55351B4445A1007B0CBA /* AppDelegate.m */ = {isa = PBXFileReference; fileEncoding = 4; lastKnownFileType = sourcecode.c.objc; name = AppDelegate.m; path = AppDelegate/AppDelegate.m; sourceTree = "<group>"; };
		5BAD55371B4445B1007B0CBA /* ArticlesListViewController.h */ = {isa = PBXFileReference; fileEncoding = 4; lastKnownFileType = sourcecode.c.h; name = ArticlesListViewController.h; path = ViewController/ArticlesListViewController.h; sourceTree = "<group>"; };
		5BAD55381B4445B1007B0CBA /* ArticlesListViewController.m */ = {isa = PBXFileReference; fileEncoding = 4; lastKnownFileType = sourcecode.c.objc; name = ArticlesListViewController.m; path = ViewController/ArticlesListViewController.m; sourceTree = "<group>"; };
		5BEC21431B44499A008D2A24 /* GenericModel.h */ = {isa = PBXFileReference; fileEncoding = 4; lastKnownFileType = sourcecode.c.h; name = GenericModel.h; path = "Model/Model Subclasses/GenericModel.h"; sourceTree = "<group>"; };
		5BEC21441B44499A008D2A24 /* GenericModel.m */ = {isa = PBXFileReference; fileEncoding = 4; lastKnownFileType = sourcecode.c.objc; name = GenericModel.m; path = "Model/Model Subclasses/GenericModel.m"; sourceTree = "<group>"; };
		5BEC21461B444A89008D2A24 /* ArticleModel.h */ = {isa = PBXFileReference; fileEncoding = 4; lastKnownFileType = sourcecode.c.h; name = ArticleModel.h; path = "Model/Model Subclasses/ArticleModel.h"; sourceTree = "<group>"; };
		5BEC21471B444A89008D2A24 /* ArticleModel.m */ = {isa = PBXFileReference; fileEncoding = 4; lastKnownFileType = sourcecode.c.objc; name = ArticleModel.m; path = "Model/Model Subclasses/ArticleModel.m"; sourceTree = "<group>"; };
		5BEC214A1B444CD6008D2A24 /* GenericDAO.h */ = {isa = PBXFileReference; fileEncoding = 4; lastKnownFileType = sourcecode.c.h; name = GenericDAO.h; path = DAO/GenericDAO.h; sourceTree = "<group>"; };
		5BEC214B1B444CD6008D2A24 /* GenericDAO.m */ = {isa = PBXFileReference; fileEncoding = 4; lastKnownFileType = sourcecode.c.objc; name = GenericDAO.m; path = DAO/GenericDAO.m; sourceTree = "<group>"; };
		7BEE61BF1B44A2A4001DBB28 /* Connection.h */ = {isa = PBXFileReference; fileEncoding = 4; lastKnownFileType = sourcecode.c.h; name = Connection.h; path = "Service Layer/Connection.h"; sourceTree = "<group>"; };
		7BEE61C01B44A2A4001DBB28 /* Connection.m */ = {isa = PBXFileReference; fileEncoding = 4; lastKnownFileType = sourcecode.c.objc; name = Connection.m; path = "Service Layer/Connection.m"; sourceTree = "<group>"; };
		7BEE61C21B44A2E2001DBB28 /* Routes.h */ = {isa = PBXFileReference; fileEncoding = 4; lastKnownFileType = sourcecode.c.h; name = Routes.h; path = "Service Layer/Routes.h"; sourceTree = "<group>"; };
		7BEE61C31B44A2E2001DBB28 /* Routes.m */ = {isa = PBXFileReference; fileEncoding = 4; lastKnownFileType = sourcecode.c.objc; name = Routes.m; path = "Service Layer/Routes.m"; sourceTree = "<group>"; };
		7BEE61C51B44A371001DBB28 /* Reachability.h */ = {isa = PBXFileReference; fileEncoding = 4; lastKnownFileType = sourcecode.c.h; name = Reachability.h; path = "Service Layer/Reachability.h"; sourceTree = "<group>"; };
		7BEE61C61B44A371001DBB28 /* Reachability.m */ = {isa = PBXFileReference; fileEncoding = 4; lastKnownFileType = sourcecode.c.objc; name = Reachability.m; path = "Service Layer/Reachability.m"; sourceTree = "<group>"; };
		7BEE61C81B44A3DE001DBB28 /* NetAPIClient.h */ = {isa = PBXFileReference; fileEncoding = 4; lastKnownFileType = sourcecode.c.h; name = NetAPIClient.h; path = "Service Layer/NetAPIClient.h"; sourceTree = "<group>"; };
		7BEE61C91B44A3DE001DBB28 /* NetAPIClient.m */ = {isa = PBXFileReference; fileEncoding = 4; lastKnownFileType = sourcecode.c.objc; name = NetAPIClient.m; path = "Service Layer/NetAPIClient.m"; sourceTree = "<group>"; };
		7BEE61CB1B44A816001DBB28 /* Constants.h */ = {isa = PBXFileReference; fileEncoding = 4; lastKnownFileType = sourcecode.c.h; name = Constants.h; path = "Service Layer/Constants.h"; sourceTree = "<group>"; };
		7BEE61CC1B44A816001DBB28 /* Constants.m */ = {isa = PBXFileReference; fileEncoding = 4; lastKnownFileType = sourcecode.c.objc; name = Constants.m; path = "Service Layer/Constants.m"; sourceTree = "<group>"; };
		7BEE61CE1B44B2B0001DBB28 /* ArticleDAO.h */ = {isa = PBXFileReference; fileEncoding = 4; lastKnownFileType = sourcecode.c.h; name = ArticleDAO.h; path = DAO/ArticleDAO.h; sourceTree = "<group>"; };
		7BEE61CF1B44B2B0001DBB28 /* ArticleDAO.m */ = {isa = PBXFileReference; fileEncoding = 4; lastKnownFileType = sourcecode.c.objc; name = ArticleDAO.m; path = DAO/ArticleDAO.m; sourceTree = "<group>"; };
		C4C8C4A1330826E8FC9F2EA6 /* Pods.debug.xcconfig */ = {isa = PBXFileReference; includeInIndex = 1; lastKnownFileType = text.xcconfig; name = Pods.debug.xcconfig; path = "Pods/Target Support Files/Pods/Pods.debug.xcconfig"; sourceTree = "<group>"; };
		E446FF49CF3028491FE2E694 /* libPods.a */ = {isa = PBXFileReference; explicitFileType = archive.ar; includeInIndex = 0; path = libPods.a; sourceTree = BUILT_PRODUCTS_DIR; };
/* End PBXFileReference section */

/* Begin PBXFrameworksBuildPhase section */
		5BAD54FB1B4442FD007B0CBA /* Frameworks */ = {
			isa = PBXFrameworksBuildPhase;
			buildActionMask = 2147483647;
			files = (
				BD5EA9836665D41875115F53 /* libPods.a in Frameworks */,
			);
			runOnlyForDeploymentPostprocessing = 0;
		};
		5BAD55141B4442FD007B0CBA /* Frameworks */ = {
			isa = PBXFrameworksBuildPhase;
			buildActionMask = 2147483647;
			files = (
			);
			runOnlyForDeploymentPostprocessing = 0;
		};
		5BAD551F1B4442FD007B0CBA /* Frameworks */ = {
			isa = PBXFrameworksBuildPhase;
			buildActionMask = 2147483647;
			files = (
			);
			runOnlyForDeploymentPostprocessing = 0;
		};
/* End PBXFrameworksBuildPhase section */

/* Begin PBXGroup section */
		126096964B4B5CDC8195E9AF /* Pods */ = {
			isa = PBXGroup;
			children = (
				C4C8C4A1330826E8FC9F2EA6 /* Pods.debug.xcconfig */,
				2907D289D73110EAD15740A3 /* Pods.release.xcconfig */,
			);
			name = Pods;
			sourceTree = "<group>";
		};
		196342DFB59F5A515EEB2BB7 /* Frameworks */ = {
			isa = PBXGroup;
			children = (
				E446FF49CF3028491FE2E694 /* libPods.a */,
			);
			name = Frameworks;
			sourceTree = "<group>";
		};
		5BAD54F51B4442FD007B0CBA = {
			isa = PBXGroup;
			children = (
				5BAD55001B4442FD007B0CBA /* Reader */,
				5BAD551A1B4442FD007B0CBA /* ReaderTests */,
				5BAD55251B4442FD007B0CBA /* ReaderUITests */,
				5BAD54FF1B4442FD007B0CBA /* Products */,
				126096964B4B5CDC8195E9AF /* Pods */,
				196342DFB59F5A515EEB2BB7 /* Frameworks */,
			);
			sourceTree = "<group>";
		};
		5BAD54FF1B4442FD007B0CBA /* Products */ = {
			isa = PBXGroup;
			children = (
				5BAD54FE1B4442FD007B0CBA /* Reader.app */,
				5BAD55171B4442FD007B0CBA /* ReaderTests.xctest */,
				5BAD55221B4442FD007B0CBA /* ReaderUITests.xctest */,
			);
			name = Products;
			sourceTree = "<group>";
		};
		5BAD55001B4442FD007B0CBA /* Reader */ = {
			isa = PBXGroup;
			children = (
				5BAD553A1B4445B7007B0CBA /* AppDelegate */,
				5BAD550D1B4442FD007B0CBA /* Assets.xcassets */,
				5BEC21491B444CB6008D2A24 /* DAO */,
				5BAD55121B4442FD007B0CBA /* Info.plist */,
				5BAD550F1B4442FD007B0CBA /* LaunchScreen.storyboard */,
				5BAD550A1B4442FD007B0CBA /* Main.storyboard */,
				5BEC21401B44494A008D2A24 /* Model */,
				7BEE61BE1B44A26F001DBB28 /* Service Layer */,
				5BAD55011B4442FD007B0CBA /* Supporting Files */,
				5BAD553B1B4445C1007B0CBA /* ViewController */,
			);
			path = Reader;
			sourceTree = "<group>";
		};
		5BAD55011B4442FD007B0CBA /* Supporting Files */ = {
			isa = PBXGroup;
			children = (
				5BAD55021B4442FD007B0CBA /* main.m */,
			);
			name = "Supporting Files";
			sourceTree = "<group>";
		};
		5BAD551A1B4442FD007B0CBA /* ReaderTests */ = {
			isa = PBXGroup;
			children = (
				5BAD551B1B4442FD007B0CBA /* ReaderTests.m */,
				5BAD551D1B4442FD007B0CBA /* Info.plist */,
			);
			path = ReaderTests;
			sourceTree = "<group>";
		};
		5BAD55251B4442FD007B0CBA /* ReaderUITests */ = {
			isa = PBXGroup;
			children = (
				5BAD55261B4442FD007B0CBA /* ReaderUITests.m */,
				5BAD55281B4442FD007B0CBA /* Info.plist */,
			);
			path = ReaderUITests;
			sourceTree = "<group>";
		};
		5BAD553A1B4445B7007B0CBA /* AppDelegate */ = {
			isa = PBXGroup;
			children = (
				5BAD55341B4445A1007B0CBA /* AppDelegate.h */,
				5BAD55351B4445A1007B0CBA /* AppDelegate.m */,
			);
			name = AppDelegate;
			sourceTree = "<group>";
		};
		5BAD553B1B4445C1007B0CBA /* ViewController */ = {
			isa = PBXGroup;
			children = (
				5BAD55371B4445B1007B0CBA /* ArticlesListViewController.h */,
				5BAD55381B4445B1007B0CBA /* ArticlesListViewController.m */,
			);
			name = ViewController;
			sourceTree = "<group>";
		};
		5BEC21401B44494A008D2A24 /* Model */ = {
			isa = PBXGroup;
			children = (
				5BEC21411B444963008D2A24 /* Model Classes */,
				5BEC21421B44496A008D2A24 /* Model Subclasses */,
			);
			name = Model;
			sourceTree = "<group>";
		};
		5BEC21411B444963008D2A24 /* Model Classes */ = {
			isa = PBXGroup;
			children = (
			);
			name = "Model Classes";
			sourceTree = "<group>";
		};
		5BEC21421B44496A008D2A24 /* Model Subclasses */ = {
			isa = PBXGroup;
			children = (
				5BEC21431B44499A008D2A24 /* GenericModel.h */,
				5BEC21441B44499A008D2A24 /* GenericModel.m */,
				5BEC21461B444A89008D2A24 /* ArticleModel.h */,
				5BEC21471B444A89008D2A24 /* ArticleModel.m */,
			);
			name = "Model Subclasses";
			sourceTree = "<group>";
		};
		5BEC21491B444CB6008D2A24 /* DAO */ = {
			isa = PBXGroup;
			children = (
				7BEE61CE1B44B2B0001DBB28 /* ArticleDAO.h */,
				7BEE61CF1B44B2B0001DBB28 /* ArticleDAO.m */,
				5BEC214A1B444CD6008D2A24 /* GenericDAO.h */,
				5BEC214B1B444CD6008D2A24 /* GenericDAO.m */,
			);
			name = DAO;
			sourceTree = "<group>";
		};
		7BEE61BE1B44A26F001DBB28 /* Service Layer */ = {
			isa = PBXGroup;
			children = (
				7BEE61BF1B44A2A4001DBB28 /* Connection.h */,
				7BEE61C01B44A2A4001DBB28 /* Connection.m */,
				7BEE61CB1B44A816001DBB28 /* Constants.h */,
				7BEE61CC1B44A816001DBB28 /* Constants.m */,
				7BEE61C81B44A3DE001DBB28 /* NetAPIClient.h */,
				7BEE61C91B44A3DE001DBB28 /* NetAPIClient.m */,
				7BEE61C51B44A371001DBB28 /* Reachability.h */,
				7BEE61C61B44A371001DBB28 /* Reachability.m */,
				7BEE61C21B44A2E2001DBB28 /* Routes.h */,
				7BEE61C31B44A2E2001DBB28 /* Routes.m */,
			);
			name = "Service Layer";
			sourceTree = "<group>";
		};
/* End PBXGroup section */

/* Begin PBXNativeTarget section */
		5BAD54FD1B4442FD007B0CBA /* Reader */ = {
			isa = PBXNativeTarget;
			buildConfigurationList = 5BAD552B1B4442FD007B0CBA /* Build configuration list for PBXNativeTarget "Reader" */;
			buildPhases = (
				A9F0108F6D8E60922EA5D069 /* Check Pods Manifest.lock */,
				5BAD54FA1B4442FD007B0CBA /* Sources */,
				5BAD54FB1B4442FD007B0CBA /* Frameworks */,
				5BAD54FC1B4442FD007B0CBA /* Resources */,
				3C5C556902E46EA1520D84DC /* Copy Pods Resources */,
			);
			buildRules = (
			);
			dependencies = (
			);
			name = Reader;
			productName = Reader;
			productReference = 5BAD54FE1B4442FD007B0CBA /* Reader.app */;
			productType = "com.apple.product-type.application";
		};
		5BAD55161B4442FD007B0CBA /* ReaderTests */ = {
			isa = PBXNativeTarget;
			buildConfigurationList = 5BAD552E1B4442FD007B0CBA /* Build configuration list for PBXNativeTarget "ReaderTests" */;
			buildPhases = (
				5BAD55131B4442FD007B0CBA /* Sources */,
				5BAD55141B4442FD007B0CBA /* Frameworks */,
				5BAD55151B4442FD007B0CBA /* Resources */,
			);
			buildRules = (
			);
			dependencies = (
				5BAD55191B4442FD007B0CBA /* PBXTargetDependency */,
			);
			name = ReaderTests;
			productName = ReaderTests;
			productReference = 5BAD55171B4442FD007B0CBA /* ReaderTests.xctest */;
			productType = "com.apple.product-type.bundle.unit-test";
		};
		5BAD55211B4442FD007B0CBA /* ReaderUITests */ = {
			isa = PBXNativeTarget;
			buildConfigurationList = 5BAD55311B4442FD007B0CBA /* Build configuration list for PBXNativeTarget "ReaderUITests" */;
			buildPhases = (
				5BAD551E1B4442FD007B0CBA /* Sources */,
				5BAD551F1B4442FD007B0CBA /* Frameworks */,
				5BAD55201B4442FD007B0CBA /* Resources */,
			);
			buildRules = (
			);
			dependencies = (
				5BAD55241B4442FD007B0CBA /* PBXTargetDependency */,
			);
			name = ReaderUITests;
			productName = ReaderUITests;
			productReference = 5BAD55221B4442FD007B0CBA /* ReaderUITests.xctest */;
			productType = "com.apple.product-type.bundle.ui-testing";
		};
/* End PBXNativeTarget section */

/* Begin PBXProject section */
		5BAD54F61B4442FD007B0CBA /* Project object */ = {
			isa = PBXProject;
			attributes = {
				LastUpgradeCheck = 0700;
				ORGANIZATIONNAME = "Jhonathan Wyterlin";
				TargetAttributes = {
					5BAD54FD1B4442FD007B0CBA = {
						CreatedOnToolsVersion = 7.0;
					};
					5BAD55161B4442FD007B0CBA = {
						CreatedOnToolsVersion = 7.0;
						TestTargetID = 5BAD54FD1B4442FD007B0CBA;
					};
					5BAD55211B4442FD007B0CBA = {
						CreatedOnToolsVersion = 7.0;
						TestTargetID = 5BAD54FD1B4442FD007B0CBA;
					};
				};
			};
			buildConfigurationList = 5BAD54F91B4442FD007B0CBA /* Build configuration list for PBXProject "Reader" */;
			compatibilityVersion = "Xcode 3.2";
			developmentRegion = English;
			hasScannedForEncodings = 0;
			knownRegions = (
				en,
				Base,
			);
			mainGroup = 5BAD54F51B4442FD007B0CBA;
			productRefGroup = 5BAD54FF1B4442FD007B0CBA /* Products */;
			projectDirPath = "";
			projectRoot = "";
			targets = (
				5BAD54FD1B4442FD007B0CBA /* Reader */,
				5BAD55161B4442FD007B0CBA /* ReaderTests */,
				5BAD55211B4442FD007B0CBA /* ReaderUITests */,
			);
		};
/* End PBXProject section */

/* Begin PBXResourcesBuildPhase section */
		5BAD54FC1B4442FD007B0CBA /* Resources */ = {
			isa = PBXResourcesBuildPhase;
			buildActionMask = 2147483647;
			files = (
				5BAD55111B4442FD007B0CBA /* LaunchScreen.storyboard in Resources */,
				5BAD550E1B4442FD007B0CBA /* Assets.xcassets in Resources */,
				5BAD550C1B4442FD007B0CBA /* Main.storyboard in Resources */,
			);
			runOnlyForDeploymentPostprocessing = 0;
		};
		5BAD55151B4442FD007B0CBA /* Resources */ = {
			isa = PBXResourcesBuildPhase;
			buildActionMask = 2147483647;
			files = (
			);
			runOnlyForDeploymentPostprocessing = 0;
		};
		5BAD55201B4442FD007B0CBA /* Resources */ = {
			isa = PBXResourcesBuildPhase;
			buildActionMask = 2147483647;
			files = (
			);
			runOnlyForDeploymentPostprocessing = 0;
		};
/* End PBXResourcesBuildPhase section */

/* Begin PBXShellScriptBuildPhase section */
		3C5C556902E46EA1520D84DC /* Copy Pods Resources */ = {
			isa = PBXShellScriptBuildPhase;
			buildActionMask = 2147483647;
			files = (
			);
			inputPaths = (
			);
			name = "Copy Pods Resources";
			outputPaths = (
			);
			runOnlyForDeploymentPostprocessing = 0;
			shellPath = /bin/sh;
			shellScript = "\"${SRCROOT}/Pods/Target Support Files/Pods/Pods-resources.sh\"\n";
			showEnvVarsInLog = 0;
		};
		A9F0108F6D8E60922EA5D069 /* Check Pods Manifest.lock */ = {
			isa = PBXShellScriptBuildPhase;
			buildActionMask = 2147483647;
			files = (
			);
			inputPaths = (
			);
			name = "Check Pods Manifest.lock";
			outputPaths = (
			);
			runOnlyForDeploymentPostprocessing = 0;
			shellPath = /bin/sh;
			shellScript = "diff \"${PODS_ROOT}/../Podfile.lock\" \"${PODS_ROOT}/Manifest.lock\" > /dev/null\nif [[ $? != 0 ]] ; then\n    cat << EOM\nerror: The sandbox is not in sync with the Podfile.lock. Run 'pod install' or update your CocoaPods installation.\nEOM\n    exit 1\nfi\n";
			showEnvVarsInLog = 0;
		};
/* End PBXShellScriptBuildPhase section */

/* Begin PBXSourcesBuildPhase section */
		5BAD54FA1B4442FD007B0CBA /* Sources */ = {
			isa = PBXSourcesBuildPhase;
			buildActionMask = 2147483647;
			files = (
				7BEE61CD1B44A816001DBB28 /* Constants.m in Sources */,
				5BAD55361B4445A1007B0CBA /* AppDelegate.m in Sources */,
				7BEE61CA1B44A3DE001DBB28 /* NetAPIClient.m in Sources */,
				7BEE61C11B44A2A4001DBB28 /* Connection.m in Sources */,
				5BEC21481B444A89008D2A24 /* ArticleModel.m in Sources */,
				5BEC214C1B444CD6008D2A24 /* GenericDAO.m in Sources */,
				5BAD55391B4445B1007B0CBA /* ArticlesListViewController.m in Sources */,
				7BEE61C41B44A2E2001DBB28 /* Routes.m in Sources */,
				5BAD55031B4442FD007B0CBA /* main.m in Sources */,
				7BEE61C71B44A371001DBB28 /* Reachability.m in Sources */,
				5BEC21451B44499A008D2A24 /* GenericModel.m in Sources */,
				7BEE61D01B44B2B0001DBB28 /* ArticleDAO.m in Sources */,
			);
			runOnlyForDeploymentPostprocessing = 0;
		};
		5BAD55131B4442FD007B0CBA /* Sources */ = {
			isa = PBXSourcesBuildPhase;
			buildActionMask = 2147483647;
			files = (
				5BAD551C1B4442FD007B0CBA /* ReaderTests.m in Sources */,
			);
			runOnlyForDeploymentPostprocessing = 0;
		};
		5BAD551E1B4442FD007B0CBA /* Sources */ = {
			isa = PBXSourcesBuildPhase;
			buildActionMask = 2147483647;
			files = (
				5BAD55271B4442FD007B0CBA /* ReaderUITests.m in Sources */,
			);
			runOnlyForDeploymentPostprocessing = 0;
		};
/* End PBXSourcesBuildPhase section */

/* Begin PBXTargetDependency section */
		5BAD55191B4442FD007B0CBA /* PBXTargetDependency */ = {
			isa = PBXTargetDependency;
			target = 5BAD54FD1B4442FD007B0CBA /* Reader */;
			targetProxy = 5BAD55181B4442FD007B0CBA /* PBXContainerItemProxy */;
		};
		5BAD55241B4442FD007B0CBA /* PBXTargetDependency */ = {
			isa = PBXTargetDependency;
			target = 5BAD54FD1B4442FD007B0CBA /* Reader */;
			targetProxy = 5BAD55231B4442FD007B0CBA /* PBXContainerItemProxy */;
		};
/* End PBXTargetDependency section */

/* Begin PBXVariantGroup section */
		5BAD550A1B4442FD007B0CBA /* Main.storyboard */ = {
			isa = PBXVariantGroup;
			children = (
				5BAD550B1B4442FD007B0CBA /* Base */,
			);
			name = Main.storyboard;
			sourceTree = "<group>";
		};
		5BAD550F1B4442FD007B0CBA /* LaunchScreen.storyboard */ = {
			isa = PBXVariantGroup;
			children = (
				5BAD55101B4442FD007B0CBA /* Base */,
			);
			name = LaunchScreen.storyboard;
			sourceTree = "<group>";
		};
/* End PBXVariantGroup section */

/* Begin XCBuildConfiguration section */
		5BAD55291B4442FD007B0CBA /* Debug */ = {
			isa = XCBuildConfiguration;
			buildSettings = {
				ALWAYS_SEARCH_USER_PATHS = NO;
				CLANG_CXX_LANGUAGE_STANDARD = "gnu++0x";
				CLANG_CXX_LIBRARY = "libc++";
				CLANG_ENABLE_MODULES = YES;
				CLANG_ENABLE_OBJC_ARC = YES;
				CLANG_WARN_BOOL_CONVERSION = YES;
				CLANG_WARN_CONSTANT_CONVERSION = YES;
				CLANG_WARN_DIRECT_OBJC_ISA_USAGE = YES_ERROR;
				CLANG_WARN_EMPTY_BODY = YES;
				CLANG_WARN_ENUM_CONVERSION = YES;
				CLANG_WARN_INT_CONVERSION = YES;
				CLANG_WARN_OBJC_ROOT_CLASS = YES_ERROR;
				CLANG_WARN_UNREACHABLE_CODE = YES;
				CLANG_WARN__DUPLICATE_METHOD_MATCH = YES;
				"CODE_SIGN_IDENTITY[sdk=iphoneos*]" = "iPhone Developer";
				COPY_PHASE_STRIP = NO;
				DEBUG_INFORMATION_FORMAT = dwarf;
				ENABLE_STRICT_OBJC_MSGSEND = YES;
				ENABLE_TESTABILITY = YES;
				GCC_C_LANGUAGE_STANDARD = gnu99;
				GCC_DYNAMIC_NO_PIC = NO;
				GCC_NO_COMMON_BLOCKS = YES;
				GCC_OPTIMIZATION_LEVEL = 0;
				GCC_PREPROCESSOR_DEFINITIONS = (
					"DEBUG=1",
					"$(inherited)",
				);
				GCC_WARN_64_TO_32_BIT_CONVERSION = YES;
				GCC_WARN_ABOUT_RETURN_TYPE = YES_ERROR;
				GCC_WARN_UNDECLARED_SELECTOR = YES;
				GCC_WARN_UNINITIALIZED_AUTOS = YES_AGGRESSIVE;
				GCC_WARN_UNUSED_FUNCTION = YES;
				GCC_WARN_UNUSED_VARIABLE = YES;
				IPHONEOS_DEPLOYMENT_TARGET = 9.0;
				MTL_ENABLE_DEBUG_INFO = YES;
				ONLY_ACTIVE_ARCH = YES;
				SDKROOT = iphoneos;
				TARGETED_DEVICE_FAMILY = "1,2";
			};
			name = Debug;
		};
		5BAD552A1B4442FD007B0CBA /* Release */ = {
			isa = XCBuildConfiguration;
			buildSettings = {
				ALWAYS_SEARCH_USER_PATHS = NO;
				CLANG_CXX_LANGUAGE_STANDARD = "gnu++0x";
				CLANG_CXX_LIBRARY = "libc++";
				CLANG_ENABLE_MODULES = YES;
				CLANG_ENABLE_OBJC_ARC = YES;
				CLANG_WARN_BOOL_CONVERSION = YES;
				CLANG_WARN_CONSTANT_CONVERSION = YES;
				CLANG_WARN_DIRECT_OBJC_ISA_USAGE = YES_ERROR;
				CLANG_WARN_EMPTY_BODY = YES;
				CLANG_WARN_ENUM_CONVERSION = YES;
				CLANG_WARN_INT_CONVERSION = YES;
				CLANG_WARN_OBJC_ROOT_CLASS = YES_ERROR;
				CLANG_WARN_UNREACHABLE_CODE = YES;
				CLANG_WARN__DUPLICATE_METHOD_MATCH = YES;
				"CODE_SIGN_IDENTITY[sdk=iphoneos*]" = "iPhone Developer";
				COPY_PHASE_STRIP = NO;
				DEBUG_INFORMATION_FORMAT = "dwarf-with-dsym";
				ENABLE_NS_ASSERTIONS = NO;
				ENABLE_STRICT_OBJC_MSGSEND = YES;
				GCC_C_LANGUAGE_STANDARD = gnu99;
				GCC_NO_COMMON_BLOCKS = YES;
				GCC_WARN_64_TO_32_BIT_CONVERSION = YES;
				GCC_WARN_ABOUT_RETURN_TYPE = YES_ERROR;
				GCC_WARN_UNDECLARED_SELECTOR = YES;
				GCC_WARN_UNINITIALIZED_AUTOS = YES_AGGRESSIVE;
				GCC_WARN_UNUSED_FUNCTION = YES;
				GCC_WARN_UNUSED_VARIABLE = YES;
				IPHONEOS_DEPLOYMENT_TARGET = 9.0;
				MTL_ENABLE_DEBUG_INFO = NO;
				SDKROOT = iphoneos;
				TARGETED_DEVICE_FAMILY = "1,2";
				VALIDATE_PRODUCT = YES;
			};
			name = Release;
		};
		5BAD552C1B4442FD007B0CBA /* Debug */ = {
			isa = XCBuildConfiguration;
			baseConfigurationReference = C4C8C4A1330826E8FC9F2EA6 /* Pods.debug.xcconfig */;
			buildSettings = {
				ASSETCATALOG_COMPILER_APPICON_NAME = AppIcon;
				INFOPLIST_FILE = Reader/Info.plist;
				LD_RUNPATH_SEARCH_PATHS = "$(inherited) @executable_path/Frameworks";
				PRODUCT_BUNDLE_IDENTIFIER = com.jhonathanwyterlin.Reader;
				PRODUCT_NAME = "$(TARGET_NAME)";
			};
			name = Debug;
		};
		5BAD552D1B4442FD007B0CBA /* Release */ = {
			isa = XCBuildConfiguration;
			baseConfigurationReference = 2907D289D73110EAD15740A3 /* Pods.release.xcconfig */;
			buildSettings = {
				ASSETCATALOG_COMPILER_APPICON_NAME = AppIcon;
				INFOPLIST_FILE = Reader/Info.plist;
				LD_RUNPATH_SEARCH_PATHS = "$(inherited) @executable_path/Frameworks";
				PRODUCT_BUNDLE_IDENTIFIER = com.jhonathanwyterlin.Reader;
				PRODUCT_NAME = "$(TARGET_NAME)";
			};
			name = Release;
		};
		5BAD552F1B4442FD007B0CBA /* Debug */ = {
			isa = XCBuildConfiguration;
			buildSettings = {
				BUNDLE_LOADER = "$(TEST_HOST)";
				INFOPLIST_FILE = ReaderTests/Info.plist;
				LD_RUNPATH_SEARCH_PATHS = "$(inherited) @executable_path/Frameworks @loader_path/Frameworks";
				PRODUCT_BUNDLE_IDENTIFIER = com.jhonathanwyterlin.ReaderTests;
				PRODUCT_NAME = "$(TARGET_NAME)";
				TEST_HOST = "$(BUILT_PRODUCTS_DIR)/Reader.app/Reader";
			};
			name = Debug;
		};
		5BAD55301B4442FD007B0CBA /* Release */ = {
			isa = XCBuildConfiguration;
			buildSettings = {
				BUNDLE_LOADER = "$(TEST_HOST)";
				INFOPLIST_FILE = ReaderTests/Info.plist;
				LD_RUNPATH_SEARCH_PATHS = "$(inherited) @executable_path/Frameworks @loader_path/Frameworks";
				PRODUCT_BUNDLE_IDENTIFIER = com.jhonathanwyterlin.ReaderTests;
				PRODUCT_NAME = "$(TARGET_NAME)";
				TEST_HOST = "$(BUILT_PRODUCTS_DIR)/Reader.app/Reader";
			};
			name = Release;
		};
		5BAD55321B4442FD007B0CBA /* Debug */ = {
			isa = XCBuildConfiguration;
			buildSettings = {
				INFOPLIST_FILE = ReaderUITests/Info.plist;
				LD_RUNPATH_SEARCH_PATHS = "$(inherited) @executable_path/Frameworks @loader_path/Frameworks";
				PRODUCT_BUNDLE_IDENTIFIER = com.jhonathanwyterlin.ReaderUITests;
				PRODUCT_NAME = "$(TARGET_NAME)";
				TEST_TARGET_NAME = Reader;
				USES_XCTRUNNER = YES;
			};
			name = Debug;
		};
		5BAD55331B4442FD007B0CBA /* Release */ = {
			isa = XCBuildConfiguration;
			buildSettings = {
				INFOPLIST_FILE = ReaderUITests/Info.plist;
				LD_RUNPATH_SEARCH_PATHS = "$(inherited) @executable_path/Frameworks @loader_path/Frameworks";
				PRODUCT_BUNDLE_IDENTIFIER = com.jhonathanwyterlin.ReaderUITests;
				PRODUCT_NAME = "$(TARGET_NAME)";
				TEST_TARGET_NAME = Reader;
				USES_XCTRUNNER = YES;
			};
			name = Release;
		};
/* End XCBuildConfiguration section */

/* Begin XCConfigurationList section */
		5BAD54F91B4442FD007B0CBA /* Build configuration list for PBXProject "Reader" */ = {
			isa = XCConfigurationList;
			buildConfigurations = (
				5BAD55291B4442FD007B0CBA /* Debug */,
				5BAD552A1B4442FD007B0CBA /* Release */,
			);
			defaultConfigurationIsVisible = 0;
			defaultConfigurationName = Release;
		};
		5BAD552B1B4442FD007B0CBA /* Build configuration list for PBXNativeTarget "Reader" */ = {
			isa = XCConfigurationList;
			buildConfigurations = (
				5BAD552C1B4442FD007B0CBA /* Debug */,
				5BAD552D1B4442FD007B0CBA /* Release */,
			);
			defaultConfigurationIsVisible = 0;
			defaultConfigurationName = Release;
		};
		5BAD552E1B4442FD007B0CBA /* Build configuration list for PBXNativeTarget "ReaderTests" */ = {
			isa = XCConfigurationList;
			buildConfigurations = (
				5BAD552F1B4442FD007B0CBA /* Debug */,
				5BAD55301B4442FD007B0CBA /* Release */,
			);
			defaultConfigurationIsVisible = 0;
			defaultConfigurationName = Release;
		};
		5BAD55311B4442FD007B0CBA /* Build configuration list for PBXNativeTarget "ReaderUITests" */ = {
			isa = XCConfigurationList;
			buildConfigurations = (
				5BAD55321B4442FD007B0CBA /* Debug */,
				5BAD55331B4442FD007B0CBA /* Release */,
			);
			defaultConfigurationIsVisible = 0;
			defaultConfigurationName = Release;
		};
/* End XCConfigurationList section */
	};
	rootObject = 5BAD54F61B4442FD007B0CBA /* Project object */;
}
